// !$*UTF8*$!
{
	archiveVersion = 1;
	classes = {
	};
	objectVersion = 52;
	objects = {

/* Begin PBXBuildFile section */
		B61AAF462516969600370C35 /* PotentialDivider.swift in Sources */ = {isa = PBXBuildFile; fileRef = B61AAF452516969600370C35 /* PotentialDivider.swift */; };
		B6391387252DC04600142764 /* LCResonanceCalc.swift in Sources */ = {isa = PBXBuildFile; fileRef = B6391386252DC04600142764 /* LCResonanceCalc.swift */; };
		B639139B252DC72300142764 /* LCResonanceCalculator.swift in Sources */ = {isa = PBXBuildFile; fileRef = B639139A252DC72300142764 /* LCResonanceCalculator.swift */; };
		B63913A3252E136D00142764 /* ResistorParallelSeries.swift in Sources */ = {isa = PBXBuildFile; fileRef = B63913A2252E136D00142764 /* ResistorParallelSeries.swift */; };
		B63913B1252E13B600142764 /* ResistorList.swift in Sources */ = {isa = PBXBuildFile; fileRef = B63913B0252E13B600142764 /* ResistorList.swift */; };
		B642CD112513AB960011769A /* DecibeltoNumericGain.swift in Sources */ = {isa = PBXBuildFile; fileRef = B642CD102513AB960011769A /* DecibeltoNumericGain.swift */; };
		B642CD1F2513AC950011769A /* DecibelGains.swift in Sources */ = {isa = PBXBuildFile; fileRef = B642CD1E2513AC950011769A /* DecibelGains.swift */; };
		B642CD272513AF4F0011769A /* GainCalcs.swift in Sources */ = {isa = PBXBuildFile; fileRef = B642CD262513AF4F0011769A /* GainCalcs.swift */; };
		B642CD352514BA250011769A /* NumerictoDecibelGain.swift in Sources */ = {isa = PBXBuildFile; fileRef = B642CD342514BA250011769A /* NumerictoDecibelGain.swift */; };
		B642CD3D2514CF630011769A /* LEDResistorCalculator.swift in Sources */ = {isa = PBXBuildFile; fileRef = B642CD3C2514CF630011769A /* LEDResistorCalculator.swift */; };
		B659C08024F958F700AFABA8 /* AppDelegate.swift in Sources */ = {isa = PBXBuildFile; fileRef = B659C07F24F958F700AFABA8 /* AppDelegate.swift */; };
		B659C08224F958F700AFABA8 /* ContentView.swift in Sources */ = {isa = PBXBuildFile; fileRef = B659C08124F958F700AFABA8 /* ContentView.swift */; };
		B659C08424F958FA00AFABA8 /* Assets.xcassets in Resources */ = {isa = PBXBuildFile; fileRef = B659C08324F958FA00AFABA8 /* Assets.xcassets */; };
		B659C08724F958FA00AFABA8 /* Preview Assets.xcassets in Resources */ = {isa = PBXBuildFile; fileRef = B659C08624F958FA00AFABA8 /* Preview Assets.xcassets */; };
		B659C08A24F958FA00AFABA8 /* Main.storyboard in Resources */ = {isa = PBXBuildFile; fileRef = B659C08824F958FA00AFABA8 /* Main.storyboard */; };
		B659C09624F958FA00AFABA8 /* Electronics_Toolbox_for_MacTests.swift in Sources */ = {isa = PBXBuildFile; fileRef = B659C09524F958FA00AFABA8 /* Electronics_Toolbox_for_MacTests.swift */; };
		B659C0A124F958FA00AFABA8 /* Electronics_Toolbox_for_MacUITests.swift in Sources */ = {isa = PBXBuildFile; fileRef = B659C0A024F958FA00AFABA8 /* Electronics_Toolbox_for_MacUITests.swift */; };
		B659C0AC24F9596600AFABA8 /* ResistorCalcs.swift in Sources */ = {isa = PBXBuildFile; fileRef = B6FBCF6024F3F2C300D9D9CE /* ResistorCalcs.swift */; };
		B659C0AD24F9596600AFABA8 /* SIPrefixCalc.swift in Sources */ = {isa = PBXBuildFile; fileRef = B6FBCF6224F3F32800D9D9CE /* SIPrefixCalc.swift */; };
		B659C0AE24F9596600AFABA8 /* SIPrefix.swift in Sources */ = {isa = PBXBuildFile; fileRef = B6FBCF5D24F3F29600D9D9CE /* SIPrefix.swift */; };
		B659C0AF24F9596600AFABA8 /* ResistorRow.swift in Sources */ = {isa = PBXBuildFile; fileRef = B6FBCF6524F3F49C00D9D9CE /* ResistorRow.swift */; };
		B659C0B024F9596600AFABA8 /* CalculationList.swift in Sources */ = {isa = PBXBuildFile; fileRef = B6FBCF5824F3F25A00D9D9CE /* CalculationList.swift */; };
		B659C0B124F9596600AFABA8 /* ResistorCalculator.swift in Sources */ = {isa = PBXBuildFile; fileRef = B6FBCF5A24F3F27700D9D9CE /* ResistorCalculator.swift */; };
		B659C0B224F9596600AFABA8 /* AddResistor.swift in Sources */ = {isa = PBXBuildFile; fileRef = B6A7A7EC24F5325100DAAAB1 /* AddResistor.swift */; };
		B659C0B424F95C7000AFABA8 /* CapacitorCalcs.swift in Sources */ = {isa = PBXBuildFile; fileRef = B659C0B324F95C7000AFABA8 /* CapacitorCalcs.swift */; };
		B659C0B624FD11B400AFABA8 /* CapacitorRow.swift in Sources */ = {isa = PBXBuildFile; fileRef = B659C0B524FD11B400AFABA8 /* CapacitorRow.swift */; };
		B659C0B824FD128500AFABA8 /* CapacitorCalculator.swift in Sources */ = {isa = PBXBuildFile; fileRef = B659C0B724FD128500AFABA8 /* CapacitorCalculator.swift */; };
		B659C0BA24FD132E00AFABA8 /* AddCapacitor.swift in Sources */ = {isa = PBXBuildFile; fileRef = B659C0B924FD132E00AFABA8 /* AddCapacitor.swift */; };
		B659C0BC24FD339000AFABA8 /* ResistorColourCode.swift in Sources */ = {isa = PBXBuildFile; fileRef = B659C0BB24FD339000AFABA8 /* ResistorColourCode.swift */; };
		B659C0BE24FD394900AFABA8 /* ResistorBandToValue.swift in Sources */ = {isa = PBXBuildFile; fileRef = B659C0BD24FD394900AFABA8 /* ResistorBandToValue.swift */; };
		B66D00E42520BAE10039516C /* SIStructs.swift in Sources */ = {isa = PBXBuildFile; fileRef = B66D00E32520BAE10039516C /* SIStructs.swift */; };
		B66D00EC2520BDF60039516C /* WhatsNewView.swift in Sources */ = {isa = PBXBuildFile; fileRef = B66D00EB2520BDF60039516C /* WhatsNewView.swift */; };
		B66D00F52520BF810039516C /* MDText in Frameworks */ = {isa = PBXBuildFile; productRef = B66D00F42520BF810039516C /* MDText */; };
		B66D01032520C1790039516C /* WhatsNew.md in Resources */ = {isa = PBXBuildFile; fileRef = B66D00FC2520C0870039516C /* WhatsNew.md */; };
		B66D010B2520DC780039516C /* UnitCalcs.swift in Sources */ = {isa = PBXBuildFile; fileRef = B66D010A2520DC780039516C /* UnitCalcs.swift */; };
		B66D01142520DE850039516C /* OhmsLaw.swift in Sources */ = {isa = PBXBuildFile; fileRef = B66D01132520DE850039516C /* OhmsLaw.swift */; };
		B6922E0C25120D6B00B096FA /* AboutView.swift in Sources */ = {isa = PBXBuildFile; fileRef = B6922E0B25120D6B00B096FA /* AboutView.swift */; };
		B6A7A7ED24F5325100DAAAB1 /* AddResistor.swift in Sources */ = {isa = PBXBuildFile; fileRef = B6A7A7EC24F5325100DAAAB1 /* AddResistor.swift */; };
		B6D58294252646020065FE83 /* SettingsView.swift in Sources */ = {isa = PBXBuildFile; fileRef = B6D58293252646020065FE83 /* SettingsView.swift */; };
		B6D7F0EE24FFD4A1007264C5 /* WelcomeView.swift in Sources */ = {isa = PBXBuildFile; fileRef = B6D7F0ED24FFD4A1007264C5 /* WelcomeView.swift */; };
		B6D7F0F025064894007264C5 /* ThermalCalcs.swift in Sources */ = {isa = PBXBuildFile; fileRef = B6D7F0EF25064894007264C5 /* ThermalCalcs.swift */; };
		B6D7F0F225064C8F007264C5 /* ThermalResistanceCalculator.swift in Sources */ = {isa = PBXBuildFile; fileRef = B6D7F0F125064C8F007264C5 /* ThermalResistanceCalculator.swift */; };
		B6E4FF242522397700295CC0 /* PowerCalcs.swift in Sources */ = {isa = PBXBuildFile; fileRef = B6E4FF232522397700295CC0 /* PowerCalcs.swift */; };
		B6FBCF2824F3F23400D9D9CE /* AppDelegate.swift in Sources */ = {isa = PBXBuildFile; fileRef = B6FBCF2724F3F23400D9D9CE /* AppDelegate.swift */; };
		B6FBCF2A24F3F23400D9D9CE /* SceneDelegate.swift in Sources */ = {isa = PBXBuildFile; fileRef = B6FBCF2924F3F23400D9D9CE /* SceneDelegate.swift */; };
		B6FBCF2C24F3F23400D9D9CE /* ContentView.swift in Sources */ = {isa = PBXBuildFile; fileRef = B6FBCF2B24F3F23400D9D9CE /* ContentView.swift */; };
		B6FBCF2E24F3F23600D9D9CE /* Assets.xcassets in Resources */ = {isa = PBXBuildFile; fileRef = B6FBCF2D24F3F23600D9D9CE /* Assets.xcassets */; };
		B6FBCF3124F3F23600D9D9CE /* Preview Assets.xcassets in Resources */ = {isa = PBXBuildFile; fileRef = B6FBCF3024F3F23600D9D9CE /* Preview Assets.xcassets */; };
		B6FBCF3424F3F23600D9D9CE /* LaunchScreen.storyboard in Resources */ = {isa = PBXBuildFile; fileRef = B6FBCF3224F3F23600D9D9CE /* LaunchScreen.storyboard */; };
		B6FBCF3F24F3F23600D9D9CE /* Electronics_ToolboxTests.swift in Sources */ = {isa = PBXBuildFile; fileRef = B6FBCF3E24F3F23600D9D9CE /* Electronics_ToolboxTests.swift */; };
		B6FBCF4A24F3F23600D9D9CE /* Electronics_ToolboxUITests.swift in Sources */ = {isa = PBXBuildFile; fileRef = B6FBCF4924F3F23600D9D9CE /* Electronics_ToolboxUITests.swift */; };
		B6FBCF5924F3F25A00D9D9CE /* CalculationList.swift in Sources */ = {isa = PBXBuildFile; fileRef = B6FBCF5824F3F25A00D9D9CE /* CalculationList.swift */; };
		B6FBCF5B24F3F27700D9D9CE /* ResistorCalculator.swift in Sources */ = {isa = PBXBuildFile; fileRef = B6FBCF5A24F3F27700D9D9CE /* ResistorCalculator.swift */; };
		B6FBCF5E24F3F29600D9D9CE /* SIPrefix.swift in Sources */ = {isa = PBXBuildFile; fileRef = B6FBCF5D24F3F29600D9D9CE /* SIPrefix.swift */; };
		B6FBCF6124F3F2C300D9D9CE /* ResistorCalcs.swift in Sources */ = {isa = PBXBuildFile; fileRef = B6FBCF6024F3F2C300D9D9CE /* ResistorCalcs.swift */; };
		B6FBCF6324F3F32800D9D9CE /* SIPrefixCalc.swift in Sources */ = {isa = PBXBuildFile; fileRef = B6FBCF6224F3F32800D9D9CE /* SIPrefixCalc.swift */; };
		B6FBCF6624F3F49C00D9D9CE /* ResistorRow.swift in Sources */ = {isa = PBXBuildFile; fileRef = B6FBCF6524F3F49C00D9D9CE /* ResistorRow.swift */; };
		B6FC7A912527868B0014630B /* Settings.swift in Sources */ = {isa = PBXBuildFile; fileRef = B6FC7A902527868B0014630B /* Settings.swift */; };
/* End PBXBuildFile section */

/* Begin PBXContainerItemProxy section */
		B659C09224F958FA00AFABA8 /* PBXContainerItemProxy */ = {
			isa = PBXContainerItemProxy;
			containerPortal = B6FBCF1C24F3F23400D9D9CE /* Project object */;
			proxyType = 1;
			remoteGlobalIDString = B659C07C24F958F700AFABA8;
			remoteInfo = "Electronics Toolbox for Mac";
		};
		B659C09D24F958FA00AFABA8 /* PBXContainerItemProxy */ = {
			isa = PBXContainerItemProxy;
			containerPortal = B6FBCF1C24F3F23400D9D9CE /* Project object */;
			proxyType = 1;
			remoteGlobalIDString = B659C07C24F958F700AFABA8;
			remoteInfo = "Electronics Toolbox for Mac";
		};
		B6FBCF3B24F3F23600D9D9CE /* PBXContainerItemProxy */ = {
			isa = PBXContainerItemProxy;
			containerPortal = B6FBCF1C24F3F23400D9D9CE /* Project object */;
			proxyType = 1;
			remoteGlobalIDString = B6FBCF2324F3F23400D9D9CE;
			remoteInfo = "Electronics Toolbox";
		};
		B6FBCF4624F3F23600D9D9CE /* PBXContainerItemProxy */ = {
			isa = PBXContainerItemProxy;
			containerPortal = B6FBCF1C24F3F23400D9D9CE /* Project object */;
			proxyType = 1;
			remoteGlobalIDString = B6FBCF2324F3F23400D9D9CE;
			remoteInfo = "Electronics Toolbox";
		};
/* End PBXContainerItemProxy section */

/* Begin PBXFileReference section */
		B61AAF452516969600370C35 /* PotentialDivider.swift */ = {isa = PBXFileReference; lastKnownFileType = sourcecode.swift; path = PotentialDivider.swift; sourceTree = "<group>"; };
		B6391386252DC04600142764 /* LCResonanceCalc.swift */ = {isa = PBXFileReference; lastKnownFileType = sourcecode.swift; path = LCResonanceCalc.swift; sourceTree = "<group>"; };
		B639139A252DC72300142764 /* LCResonanceCalculator.swift */ = {isa = PBXFileReference; lastKnownFileType = sourcecode.swift; path = LCResonanceCalculator.swift; sourceTree = "<group>"; };
		B63913A2252E136D00142764 /* ResistorParallelSeries.swift */ = {isa = PBXFileReference; lastKnownFileType = sourcecode.swift; path = ResistorParallelSeries.swift; sourceTree = "<group>"; };
		B63913B0252E13B600142764 /* ResistorList.swift */ = {isa = PBXFileReference; lastKnownFileType = sourcecode.swift; path = ResistorList.swift; sourceTree = "<group>"; };
		B642CD102513AB960011769A /* DecibeltoNumericGain.swift */ = {isa = PBXFileReference; lastKnownFileType = sourcecode.swift; path = DecibeltoNumericGain.swift; sourceTree = "<group>"; };
		B642CD1E2513AC950011769A /* DecibelGains.swift */ = {isa = PBXFileReference; lastKnownFileType = sourcecode.swift; path = DecibelGains.swift; sourceTree = "<group>"; };
		B642CD262513AF4F0011769A /* GainCalcs.swift */ = {isa = PBXFileReference; lastKnownFileType = sourcecode.swift; path = GainCalcs.swift; sourceTree = "<group>"; };
		B642CD342514BA250011769A /* NumerictoDecibelGain.swift */ = {isa = PBXFileReference; lastKnownFileType = sourcecode.swift; path = NumerictoDecibelGain.swift; sourceTree = "<group>"; };
		B642CD3C2514CF630011769A /* LEDResistorCalculator.swift */ = {isa = PBXFileReference; lastKnownFileType = sourcecode.swift; path = LEDResistorCalculator.swift; sourceTree = "<group>"; };
		B659C07D24F958F700AFABA8 /* Elecalc for Mac.app */ = {isa = PBXFileReference; explicitFileType = wrapper.application; includeInIndex = 0; path = "Elecalc for Mac.app"; sourceTree = BUILT_PRODUCTS_DIR; };
		B659C07F24F958F700AFABA8 /* AppDelegate.swift */ = {isa = PBXFileReference; lastKnownFileType = sourcecode.swift; path = AppDelegate.swift; sourceTree = "<group>"; };
		B659C08124F958F700AFABA8 /* ContentView.swift */ = {isa = PBXFileReference; lastKnownFileType = sourcecode.swift; path = ContentView.swift; sourceTree = "<group>"; };
		B659C08324F958FA00AFABA8 /* Assets.xcassets */ = {isa = PBXFileReference; lastKnownFileType = folder.assetcatalog; path = Assets.xcassets; sourceTree = "<group>"; };
		B659C08624F958FA00AFABA8 /* Preview Assets.xcassets */ = {isa = PBXFileReference; lastKnownFileType = folder.assetcatalog; path = "Preview Assets.xcassets"; sourceTree = "<group>"; };
		B659C08924F958FA00AFABA8 /* Base */ = {isa = PBXFileReference; lastKnownFileType = file.storyboard; name = Base; path = Base.lproj/Main.storyboard; sourceTree = "<group>"; };
		B659C08B24F958FA00AFABA8 /* Info.plist */ = {isa = PBXFileReference; lastKnownFileType = text.plist.xml; path = Info.plist; sourceTree = "<group>"; };
		B659C08C24F958FA00AFABA8 /* Electronics_Toolbox_for_Mac.entitlements */ = {isa = PBXFileReference; lastKnownFileType = text.plist.entitlements; path = Electronics_Toolbox_for_Mac.entitlements; sourceTree = "<group>"; };
		B659C09124F958FA00AFABA8 /* Elecalc for MacTests.xctest */ = {isa = PBXFileReference; explicitFileType = wrapper.cfbundle; includeInIndex = 0; path = "Elecalc for MacTests.xctest"; sourceTree = BUILT_PRODUCTS_DIR; };
		B659C09524F958FA00AFABA8 /* Electronics_Toolbox_for_MacTests.swift */ = {isa = PBXFileReference; lastKnownFileType = sourcecode.swift; path = Electronics_Toolbox_for_MacTests.swift; sourceTree = "<group>"; };
		B659C09724F958FA00AFABA8 /* Info.plist */ = {isa = PBXFileReference; lastKnownFileType = text.plist.xml; path = Info.plist; sourceTree = "<group>"; };
		B659C09C24F958FA00AFABA8 /* Elecalc for MacUITests.xctest */ = {isa = PBXFileReference; explicitFileType = wrapper.cfbundle; includeInIndex = 0; path = "Elecalc for MacUITests.xctest"; sourceTree = BUILT_PRODUCTS_DIR; };
		B659C0A024F958FA00AFABA8 /* Electronics_Toolbox_for_MacUITests.swift */ = {isa = PBXFileReference; lastKnownFileType = sourcecode.swift; path = Electronics_Toolbox_for_MacUITests.swift; sourceTree = "<group>"; };
		B659C0A224F958FA00AFABA8 /* Info.plist */ = {isa = PBXFileReference; lastKnownFileType = text.plist.xml; path = Info.plist; sourceTree = "<group>"; };
		B659C0B324F95C7000AFABA8 /* CapacitorCalcs.swift */ = {isa = PBXFileReference; lastKnownFileType = sourcecode.swift; path = CapacitorCalcs.swift; sourceTree = "<group>"; };
		B659C0B524FD11B400AFABA8 /* CapacitorRow.swift */ = {isa = PBXFileReference; lastKnownFileType = sourcecode.swift; path = CapacitorRow.swift; sourceTree = "<group>"; };
		B659C0B724FD128500AFABA8 /* CapacitorCalculator.swift */ = {isa = PBXFileReference; lastKnownFileType = sourcecode.swift; path = CapacitorCalculator.swift; sourceTree = "<group>"; };
		B659C0B924FD132E00AFABA8 /* AddCapacitor.swift */ = {isa = PBXFileReference; lastKnownFileType = sourcecode.swift; path = AddCapacitor.swift; sourceTree = "<group>"; };
		B659C0BB24FD339000AFABA8 /* ResistorColourCode.swift */ = {isa = PBXFileReference; lastKnownFileType = sourcecode.swift; path = ResistorColourCode.swift; sourceTree = "<group>"; };
		B659C0BD24FD394900AFABA8 /* ResistorBandToValue.swift */ = {isa = PBXFileReference; lastKnownFileType = sourcecode.swift; path = ResistorBandToValue.swift; sourceTree = "<group>"; };
		B6604A8725163BFB00CE9A95 /* README.md */ = {isa = PBXFileReference; lastKnownFileType = net.daringfireball.markdown; path = README.md; sourceTree = "<group>"; };
		B66D00E32520BAE10039516C /* SIStructs.swift */ = {isa = PBXFileReference; lastKnownFileType = sourcecode.swift; path = SIStructs.swift; sourceTree = "<group>"; };
		B66D00EB2520BDF60039516C /* WhatsNewView.swift */ = {isa = PBXFileReference; lastKnownFileType = sourcecode.swift; path = WhatsNewView.swift; sourceTree = "<group>"; };
		B66D00FC2520C0870039516C /* WhatsNew.md */ = {isa = PBXFileReference; lastKnownFileType = net.daringfireball.markdown; path = WhatsNew.md; sourceTree = "<group>"; };
		B66D010A2520DC780039516C /* UnitCalcs.swift */ = {isa = PBXFileReference; lastKnownFileType = sourcecode.swift; path = UnitCalcs.swift; sourceTree = "<group>"; };
		B66D01132520DE850039516C /* OhmsLaw.swift */ = {isa = PBXFileReference; lastKnownFileType = sourcecode.swift; path = OhmsLaw.swift; sourceTree = "<group>"; };
		B6922E0B25120D6B00B096FA /* AboutView.swift */ = {isa = PBXFileReference; lastKnownFileType = sourcecode.swift; path = AboutView.swift; sourceTree = "<group>"; };
		B6A7A7EC24F5325100DAAAB1 /* AddResistor.swift */ = {isa = PBXFileReference; lastKnownFileType = sourcecode.swift; path = AddResistor.swift; sourceTree = "<group>"; };
		B6D58293252646020065FE83 /* SettingsView.swift */ = {isa = PBXFileReference; lastKnownFileType = sourcecode.swift; path = SettingsView.swift; sourceTree = "<group>"; };
		B6D7F0ED24FFD4A1007264C5 /* WelcomeView.swift */ = {isa = PBXFileReference; lastKnownFileType = sourcecode.swift; path = WelcomeView.swift; sourceTree = "<group>"; };
		B6D7F0EF25064894007264C5 /* ThermalCalcs.swift */ = {isa = PBXFileReference; lastKnownFileType = sourcecode.swift; path = ThermalCalcs.swift; sourceTree = "<group>"; };
		B6D7F0F125064C8F007264C5 /* ThermalResistanceCalculator.swift */ = {isa = PBXFileReference; lastKnownFileType = sourcecode.swift; path = ThermalResistanceCalculator.swift; sourceTree = "<group>"; };
		B6E4FF232522397700295CC0 /* PowerCalcs.swift */ = {isa = PBXFileReference; lastKnownFileType = sourcecode.swift; path = PowerCalcs.swift; sourceTree = "<group>"; };
		B6FBCF2424F3F23400D9D9CE /* Elecalc.app */ = {isa = PBXFileReference; explicitFileType = wrapper.application; includeInIndex = 0; path = Elecalc.app; sourceTree = BUILT_PRODUCTS_DIR; };
		B6FBCF2724F3F23400D9D9CE /* AppDelegate.swift */ = {isa = PBXFileReference; lastKnownFileType = sourcecode.swift; path = AppDelegate.swift; sourceTree = "<group>"; };
		B6FBCF2924F3F23400D9D9CE /* SceneDelegate.swift */ = {isa = PBXFileReference; lastKnownFileType = sourcecode.swift; path = SceneDelegate.swift; sourceTree = "<group>"; };
		B6FBCF2B24F3F23400D9D9CE /* ContentView.swift */ = {isa = PBXFileReference; lastKnownFileType = sourcecode.swift; path = ContentView.swift; sourceTree = "<group>"; };
		B6FBCF2D24F3F23600D9D9CE /* Assets.xcassets */ = {isa = PBXFileReference; lastKnownFileType = folder.assetcatalog; path = Assets.xcassets; sourceTree = "<group>"; };
		B6FBCF3024F3F23600D9D9CE /* Preview Assets.xcassets */ = {isa = PBXFileReference; lastKnownFileType = folder.assetcatalog; path = "Preview Assets.xcassets"; sourceTree = "<group>"; };
		B6FBCF3324F3F23600D9D9CE /* Base */ = {isa = PBXFileReference; lastKnownFileType = file.storyboard; name = Base; path = Base.lproj/LaunchScreen.storyboard; sourceTree = "<group>"; };
		B6FBCF3524F3F23600D9D9CE /* Info.plist */ = {isa = PBXFileReference; lastKnownFileType = text.plist.xml; path = Info.plist; sourceTree = "<group>"; };
		B6FBCF3A24F3F23600D9D9CE /* ElecalcTests.xctest */ = {isa = PBXFileReference; explicitFileType = wrapper.cfbundle; includeInIndex = 0; path = ElecalcTests.xctest; sourceTree = BUILT_PRODUCTS_DIR; };
		B6FBCF3E24F3F23600D9D9CE /* Electronics_ToolboxTests.swift */ = {isa = PBXFileReference; lastKnownFileType = sourcecode.swift; path = Electronics_ToolboxTests.swift; sourceTree = "<group>"; };
		B6FBCF4024F3F23600D9D9CE /* Info.plist */ = {isa = PBXFileReference; lastKnownFileType = text.plist.xml; path = Info.plist; sourceTree = "<group>"; };
		B6FBCF4524F3F23600D9D9CE /* ElecalcUITests.xctest */ = {isa = PBXFileReference; explicitFileType = wrapper.cfbundle; includeInIndex = 0; path = ElecalcUITests.xctest; sourceTree = BUILT_PRODUCTS_DIR; };
		B6FBCF4924F3F23600D9D9CE /* Electronics_ToolboxUITests.swift */ = {isa = PBXFileReference; lastKnownFileType = sourcecode.swift; path = Electronics_ToolboxUITests.swift; sourceTree = "<group>"; };
		B6FBCF4B24F3F23600D9D9CE /* Info.plist */ = {isa = PBXFileReference; lastKnownFileType = text.plist.xml; path = Info.plist; sourceTree = "<group>"; };
		B6FBCF5824F3F25A00D9D9CE /* CalculationList.swift */ = {isa = PBXFileReference; lastKnownFileType = sourcecode.swift; path = CalculationList.swift; sourceTree = "<group>"; };
		B6FBCF5A24F3F27700D9D9CE /* ResistorCalculator.swift */ = {isa = PBXFileReference; lastKnownFileType = sourcecode.swift; path = ResistorCalculator.swift; sourceTree = "<group>"; };
		B6FBCF5D24F3F29600D9D9CE /* SIPrefix.swift */ = {isa = PBXFileReference; lastKnownFileType = sourcecode.swift; path = SIPrefix.swift; sourceTree = "<group>"; };
		B6FBCF6024F3F2C300D9D9CE /* ResistorCalcs.swift */ = {isa = PBXFileReference; lastKnownFileType = sourcecode.swift; path = ResistorCalcs.swift; sourceTree = "<group>"; };
		B6FBCF6224F3F32800D9D9CE /* SIPrefixCalc.swift */ = {isa = PBXFileReference; lastKnownFileType = sourcecode.swift; path = SIPrefixCalc.swift; sourceTree = "<group>"; };
		B6FBCF6524F3F49C00D9D9CE /* ResistorRow.swift */ = {isa = PBXFileReference; lastKnownFileType = sourcecode.swift; path = ResistorRow.swift; sourceTree = "<group>"; };
		B6FC7A902527868B0014630B /* Settings.swift */ = {isa = PBXFileReference; lastKnownFileType = sourcecode.swift; path = Settings.swift; sourceTree = "<group>"; };
/* End PBXFileReference section */

/* Begin PBXFrameworksBuildPhase section */
		B659C07A24F958F700AFABA8 /* Frameworks */ = {
			isa = PBXFrameworksBuildPhase;
			buildActionMask = 2147483647;
			files = (
			);
			runOnlyForDeploymentPostprocessing = 0;
		};
		B659C08E24F958FA00AFABA8 /* Frameworks */ = {
			isa = PBXFrameworksBuildPhase;
			buildActionMask = 2147483647;
			files = (
			);
			runOnlyForDeploymentPostprocessing = 0;
		};
		B659C09924F958FA00AFABA8 /* Frameworks */ = {
			isa = PBXFrameworksBuildPhase;
			buildActionMask = 2147483647;
			files = (
			);
			runOnlyForDeploymentPostprocessing = 0;
		};
		B6FBCF2124F3F23400D9D9CE /* Frameworks */ = {
			isa = PBXFrameworksBuildPhase;
			buildActionMask = 2147483647;
			files = (
				B66D00F52520BF810039516C /* MDText in Frameworks */,
			);
			runOnlyForDeploymentPostprocessing = 0;
		};
		B6FBCF3724F3F23600D9D9CE /* Frameworks */ = {
			isa = PBXFrameworksBuildPhase;
			buildActionMask = 2147483647;
			files = (
			);
			runOnlyForDeploymentPostprocessing = 0;
		};
		B6FBCF4224F3F23600D9D9CE /* Frameworks */ = {
			isa = PBXFrameworksBuildPhase;
			buildActionMask = 2147483647;
			files = (
			);
			runOnlyForDeploymentPostprocessing = 0;
		};
/* End PBXFrameworksBuildPhase section */

/* Begin PBXGroup section */
		B61AAF3C2516963B00370C35 /* Component Calculations */ = {
			isa = PBXGroup;
			children = (
				B63913A2252E136D00142764 /* ResistorParallelSeries.swift */,
				B63913B0252E13B600142764 /* ResistorList.swift */,
				B6FBCF5A24F3F27700D9D9CE /* ResistorCalculator.swift */,
				B659C0B724FD128500AFABA8 /* CapacitorCalculator.swift */,
				B6A7A7EC24F5325100DAAAB1 /* AddResistor.swift */,
				B659C0B924FD132E00AFABA8 /* AddCapacitor.swift */,
				B659C0BD24FD394900AFABA8 /* ResistorBandToValue.swift */,
				B642CD3C2514CF630011769A /* LEDResistorCalculator.swift */,
				B61AAF452516969600370C35 /* PotentialDivider.swift */,
				B639139A252DC72300142764 /* LCResonanceCalculator.swift */,
				B6FBCF6424F3F46D00D9D9CE /* Rows */,
			);
			path = "Component Calculations";
			sourceTree = "<group>";
		};
		B61AAF432516966A00370C35 /* Thermal Calculations */ = {
			isa = PBXGroup;
			children = (
				B6D7F0F125064C8F007264C5 /* ThermalResistanceCalculator.swift */,
			);
			path = "Thermal Calculations";
			sourceTree = "<group>";
		};
		B61AAF442516967A00370C35 /* Gain Calculations */ = {
			isa = PBXGroup;
			children = (
				B642CD102513AB960011769A /* DecibeltoNumericGain.swift */,
				B642CD342514BA250011769A /* NumerictoDecibelGain.swift */,
			);
			path = "Gain Calculations";
			sourceTree = "<group>";
		};
		B659C07E24F958F700AFABA8 /* Electronics Toolbox for Mac */ = {
			isa = PBXGroup;
			children = (
				B659C07F24F958F700AFABA8 /* AppDelegate.swift */,
				B659C08124F958F700AFABA8 /* ContentView.swift */,
				B659C08324F958FA00AFABA8 /* Assets.xcassets */,
				B659C08824F958FA00AFABA8 /* Main.storyboard */,
				B659C08B24F958FA00AFABA8 /* Info.plist */,
				B659C08C24F958FA00AFABA8 /* Electronics_Toolbox_for_Mac.entitlements */,
				B659C08524F958FA00AFABA8 /* Preview Content */,
			);
			path = "Electronics Toolbox for Mac";
			sourceTree = "<group>";
		};
		B659C08524F958FA00AFABA8 /* Preview Content */ = {
			isa = PBXGroup;
			children = (
				B659C08624F958FA00AFABA8 /* Preview Assets.xcassets */,
			);
			path = "Preview Content";
			sourceTree = "<group>";
		};
		B659C09424F958FA00AFABA8 /* Electronics Toolbox for MacTests */ = {
			isa = PBXGroup;
			children = (
				B659C09524F958FA00AFABA8 /* Electronics_Toolbox_for_MacTests.swift */,
				B659C09724F958FA00AFABA8 /* Info.plist */,
			);
			path = "Electronics Toolbox for MacTests";
			sourceTree = "<group>";
		};
		B659C09F24F958FA00AFABA8 /* Electronics Toolbox for MacUITests */ = {
			isa = PBXGroup;
			children = (
				B659C0A024F958FA00AFABA8 /* Electronics_Toolbox_for_MacUITests.swift */,
				B659C0A224F958FA00AFABA8 /* Info.plist */,
			);
			path = "Electronics Toolbox for MacUITests";
			sourceTree = "<group>";
		};
		B66D00E22520BACC0039516C /* Structs */ = {
			isa = PBXGroup;
			children = (
				B66D00E32520BAE10039516C /* SIStructs.swift */,
			);
			path = Structs;
			sourceTree = "<group>";
		};
		B66D01122520DE660039516C /* Unit Calculations */ = {
			isa = PBXGroup;
			children = (
				B66D01132520DE850039516C /* OhmsLaw.swift */,
				B6E4FF232522397700295CC0 /* PowerCalcs.swift */,
			);
			path = "Unit Calculations";
			sourceTree = "<group>";
		};
		B6FBCF1B24F3F23400D9D9CE = {
			isa = PBXGroup;
			children = (
				B66D00FC2520C0870039516C /* WhatsNew.md */,
				B6604A8725163BFB00CE9A95 /* README.md */,
				B6FBCF2624F3F23400D9D9CE /* Electronics Toolbox */,
				B6FBCF3D24F3F23600D9D9CE /* Electronics ToolboxTests */,
				B6FBCF4824F3F23600D9D9CE /* Electronics ToolboxUITests */,
				B659C07E24F958F700AFABA8 /* Electronics Toolbox for Mac */,
				B659C09424F958FA00AFABA8 /* Electronics Toolbox for MacTests */,
				B659C09F24F958FA00AFABA8 /* Electronics Toolbox for MacUITests */,
				B6FBCF2524F3F23400D9D9CE /* Products */,
			);
			sourceTree = "<group>";
		};
		B6FBCF2524F3F23400D9D9CE /* Products */ = {
			isa = PBXGroup;
			children = (
				B6FBCF2424F3F23400D9D9CE /* Elecalc.app */,
				B6FBCF3A24F3F23600D9D9CE /* ElecalcTests.xctest */,
				B6FBCF4524F3F23600D9D9CE /* ElecalcUITests.xctest */,
				B659C07D24F958F700AFABA8 /* Elecalc for Mac.app */,
				B659C09124F958FA00AFABA8 /* Elecalc for MacTests.xctest */,
				B659C09C24F958FA00AFABA8 /* Elecalc for MacUITests.xctest */,
			);
			name = Products;
			sourceTree = "<group>";
		};
		B6FBCF2624F3F23400D9D9CE /* Electronics Toolbox */ = {
			isa = PBXGroup;
			children = (
				B66D00E22520BACC0039516C /* Structs */,
				B6FBCF5F24F3F2AA00D9D9CE /* Classes */,
				B6FBCF5C24F3F28500D9D9CE /* Enums */,
				B6FBCF5724F3F24D00D9D9CE /* Views */,
				B6FBCF2724F3F23400D9D9CE /* AppDelegate.swift */,
				B6FBCF2924F3F23400D9D9CE /* SceneDelegate.swift */,
				B6FBCF2B24F3F23400D9D9CE /* ContentView.swift */,
				B6FBCF2D24F3F23600D9D9CE /* Assets.xcassets */,
				B6FBCF3224F3F23600D9D9CE /* LaunchScreen.storyboard */,
				B6FBCF3524F3F23600D9D9CE /* Info.plist */,
				B6FBCF2F24F3F23600D9D9CE /* Preview Content */,
			);
			path = "Electronics Toolbox";
			sourceTree = "<group>";
		};
		B6FBCF2F24F3F23600D9D9CE /* Preview Content */ = {
			isa = PBXGroup;
			children = (
				B6FBCF3024F3F23600D9D9CE /* Preview Assets.xcassets */,
			);
			path = "Preview Content";
			sourceTree = "<group>";
		};
		B6FBCF3D24F3F23600D9D9CE /* Electronics ToolboxTests */ = {
			isa = PBXGroup;
			children = (
				B6FBCF3E24F3F23600D9D9CE /* Electronics_ToolboxTests.swift */,
				B6FBCF4024F3F23600D9D9CE /* Info.plist */,
			);
			path = "Electronics ToolboxTests";
			sourceTree = "<group>";
		};
		B6FBCF4824F3F23600D9D9CE /* Electronics ToolboxUITests */ = {
			isa = PBXGroup;
			children = (
				B6FBCF4924F3F23600D9D9CE /* Electronics_ToolboxUITests.swift */,
				B6FBCF4B24F3F23600D9D9CE /* Info.plist */,
			);
			path = "Electronics ToolboxUITests";
			sourceTree = "<group>";
		};
		B6FBCF5724F3F24D00D9D9CE /* Views */ = {
			isa = PBXGroup;
			children = (
				B66D01122520DE660039516C /* Unit Calculations */,
				B61AAF442516967A00370C35 /* Gain Calculations */,
				B61AAF432516966A00370C35 /* Thermal Calculations */,
				B61AAF3C2516963B00370C35 /* Component Calculations */,
				B6FBCF5824F3F25A00D9D9CE /* CalculationList.swift */,
				B6D7F0ED24FFD4A1007264C5 /* WelcomeView.swift */,
				B6922E0B25120D6B00B096FA /* AboutView.swift */,
				B66D00EB2520BDF60039516C /* WhatsNewView.swift */,
				B6D58293252646020065FE83 /* SettingsView.swift */,
			);
			path = Views;
			sourceTree = "<group>";
		};
		B6FBCF5C24F3F28500D9D9CE /* Enums */ = {
			isa = PBXGroup;
			children = (
				B6FBCF5D24F3F29600D9D9CE /* SIPrefix.swift */,
				B659C0BB24FD339000AFABA8 /* ResistorColourCode.swift */,
				B642CD1E2513AC950011769A /* DecibelGains.swift */,
			);
			path = Enums;
			sourceTree = "<group>";
		};
		B6FBCF5F24F3F2AA00D9D9CE /* Classes */ = {
			isa = PBXGroup;
			children = (
				B6FBCF6024F3F2C300D9D9CE /* ResistorCalcs.swift */,
				B6FBCF6224F3F32800D9D9CE /* SIPrefixCalc.swift */,
				B659C0B324F95C7000AFABA8 /* CapacitorCalcs.swift */,
				B6D7F0EF25064894007264C5 /* ThermalCalcs.swift */,
				B642CD262513AF4F0011769A /* GainCalcs.swift */,
				B66D010A2520DC780039516C /* UnitCalcs.swift */,
				B6FC7A902527868B0014630B /* Settings.swift */,
				B6391386252DC04600142764 /* LCResonanceCalc.swift */,
			);
			path = Classes;
			sourceTree = "<group>";
		};
		B6FBCF6424F3F46D00D9D9CE /* Rows */ = {
			isa = PBXGroup;
			children = (
				B6FBCF6524F3F49C00D9D9CE /* ResistorRow.swift */,
				B659C0B524FD11B400AFABA8 /* CapacitorRow.swift */,
			);
			path = Rows;
			sourceTree = "<group>";
		};
/* End PBXGroup section */

/* Begin PBXNativeTarget section */
		B659C07C24F958F700AFABA8 /* Elecalc for Mac */ = {
			isa = PBXNativeTarget;
			buildConfigurationList = B659C0A324F958FA00AFABA8 /* Build configuration list for PBXNativeTarget "Elecalc for Mac" */;
			buildPhases = (
				B659C07924F958F700AFABA8 /* Sources */,
				B659C07A24F958F700AFABA8 /* Frameworks */,
				B659C07B24F958F700AFABA8 /* Resources */,
			);
			buildRules = (
			);
			dependencies = (
			);
			name = "Elecalc for Mac";
			productName = "Electronics Toolbox for Mac";
			productReference = B659C07D24F958F700AFABA8 /* Elecalc for Mac.app */;
			productType = "com.apple.product-type.application";
		};
		B659C09024F958FA00AFABA8 /* Elecalc for MacTests */ = {
			isa = PBXNativeTarget;
			buildConfigurationList = B659C0A624F958FA00AFABA8 /* Build configuration list for PBXNativeTarget "Elecalc for MacTests" */;
			buildPhases = (
				B659C08D24F958FA00AFABA8 /* Sources */,
				B659C08E24F958FA00AFABA8 /* Frameworks */,
				B659C08F24F958FA00AFABA8 /* Resources */,
			);
			buildRules = (
			);
			dependencies = (
				B659C09324F958FA00AFABA8 /* PBXTargetDependency */,
			);
			name = "Elecalc for MacTests";
			productName = "Electronics Toolbox for MacTests";
			productReference = B659C09124F958FA00AFABA8 /* Elecalc for MacTests.xctest */;
			productType = "com.apple.product-type.bundle.unit-test";
		};
		B659C09B24F958FA00AFABA8 /* Elecalc for MacUITests */ = {
			isa = PBXNativeTarget;
			buildConfigurationList = B659C0A924F958FA00AFABA8 /* Build configuration list for PBXNativeTarget "Elecalc for MacUITests" */;
			buildPhases = (
				B659C09824F958FA00AFABA8 /* Sources */,
				B659C09924F958FA00AFABA8 /* Frameworks */,
				B659C09A24F958FA00AFABA8 /* Resources */,
			);
			buildRules = (
			);
			dependencies = (
				B659C09E24F958FA00AFABA8 /* PBXTargetDependency */,
			);
			name = "Elecalc for MacUITests";
			productName = "Electronics Toolbox for MacUITests";
			productReference = B659C09C24F958FA00AFABA8 /* Elecalc for MacUITests.xctest */;
			productType = "com.apple.product-type.bundle.ui-testing";
		};
		B6FBCF2324F3F23400D9D9CE /* Elecalc */ = {
			isa = PBXNativeTarget;
			buildConfigurationList = B6FBCF4E24F3F23600D9D9CE /* Build configuration list for PBXNativeTarget "Elecalc" */;
			buildPhases = (
				B6FBCF2024F3F23400D9D9CE /* Sources */,
				B6FBCF2124F3F23400D9D9CE /* Frameworks */,
				B6604A9B2516487900CE9A95 /* Build Increment Script */,
				B6FBCF2224F3F23400D9D9CE /* Resources */,
			);
			buildRules = (
			);
			dependencies = (
			);
			name = Elecalc;
			packageProductDependencies = (
				B66D00F42520BF810039516C /* MDText */,
			);
			productName = "Electronics Toolbox";
			productReference = B6FBCF2424F3F23400D9D9CE /* Elecalc.app */;
			productType = "com.apple.product-type.application";
		};
		B6FBCF3924F3F23600D9D9CE /* ElecalcTests */ = {
			isa = PBXNativeTarget;
			buildConfigurationList = B6FBCF5124F3F23600D9D9CE /* Build configuration list for PBXNativeTarget "ElecalcTests" */;
			buildPhases = (
				B6FBCF3624F3F23600D9D9CE /* Sources */,
				B6FBCF3724F3F23600D9D9CE /* Frameworks */,
				B6FBCF3824F3F23600D9D9CE /* Resources */,
			);
			buildRules = (
			);
			dependencies = (
				B6FBCF3C24F3F23600D9D9CE /* PBXTargetDependency */,
			);
			name = ElecalcTests;
			productName = "Electronics ToolboxTests";
			productReference = B6FBCF3A24F3F23600D9D9CE /* ElecalcTests.xctest */;
			productType = "com.apple.product-type.bundle.unit-test";
		};
		B6FBCF4424F3F23600D9D9CE /* ElecalcUITests */ = {
			isa = PBXNativeTarget;
			buildConfigurationList = B6FBCF5424F3F23600D9D9CE /* Build configuration list for PBXNativeTarget "ElecalcUITests" */;
			buildPhases = (
				B6FBCF4124F3F23600D9D9CE /* Sources */,
				B6FBCF4224F3F23600D9D9CE /* Frameworks */,
				B6FBCF4324F3F23600D9D9CE /* Resources */,
			);
			buildRules = (
			);
			dependencies = (
				B6FBCF4724F3F23600D9D9CE /* PBXTargetDependency */,
			);
			name = ElecalcUITests;
			productName = "Electronics ToolboxUITests";
			productReference = B6FBCF4524F3F23600D9D9CE /* ElecalcUITests.xctest */;
			productType = "com.apple.product-type.bundle.ui-testing";
		};
/* End PBXNativeTarget section */

/* Begin PBXProject section */
		B6FBCF1C24F3F23400D9D9CE /* Project object */ = {
			isa = PBXProject;
			attributes = {
				LastSwiftUpdateCheck = 1160;
				LastUpgradeCheck = 1200;
				TargetAttributes = {
					B659C07C24F958F700AFABA8 = {
						CreatedOnToolsVersion = 11.6;
					};
					B659C09024F958FA00AFABA8 = {
						CreatedOnToolsVersion = 11.6;
						TestTargetID = B659C07C24F958F700AFABA8;
					};
					B659C09B24F958FA00AFABA8 = {
						CreatedOnToolsVersion = 11.6;
						TestTargetID = B659C07C24F958F700AFABA8;
					};
					B6FBCF2324F3F23400D9D9CE = {
						CreatedOnToolsVersion = 12.0;
					};
					B6FBCF3924F3F23600D9D9CE = {
						CreatedOnToolsVersion = 12.0;
						TestTargetID = B6FBCF2324F3F23400D9D9CE;
					};
					B6FBCF4424F3F23600D9D9CE = {
						CreatedOnToolsVersion = 12.0;
						TestTargetID = B6FBCF2324F3F23400D9D9CE;
					};
				};
			};
			buildConfigurationList = B6FBCF1F24F3F23400D9D9CE /* Build configuration list for PBXProject "Elecalc" */;
			compatibilityVersion = "Xcode 9.3";
			developmentRegion = en;
			hasScannedForEncodings = 0;
			knownRegions = (
				en,
				Base,
			);
			mainGroup = B6FBCF1B24F3F23400D9D9CE;
			packageReferences = (
				B66D00F32520BF810039516C /* XCRemoteSwiftPackageReference "MDText" */,
			);
			productRefGroup = B6FBCF2524F3F23400D9D9CE /* Products */;
			projectDirPath = "";
			projectRoot = "";
			targets = (
				B6FBCF2324F3F23400D9D9CE /* Elecalc */,
				B6FBCF3924F3F23600D9D9CE /* ElecalcTests */,
				B6FBCF4424F3F23600D9D9CE /* ElecalcUITests */,
				B659C07C24F958F700AFABA8 /* Elecalc for Mac */,
				B659C09024F958FA00AFABA8 /* Elecalc for MacTests */,
				B659C09B24F958FA00AFABA8 /* Elecalc for MacUITests */,
			);
		};
/* End PBXProject section */

/* Begin PBXResourcesBuildPhase section */
		B659C07B24F958F700AFABA8 /* Resources */ = {
			isa = PBXResourcesBuildPhase;
			buildActionMask = 2147483647;
			files = (
				B659C08A24F958FA00AFABA8 /* Main.storyboard in Resources */,
				B659C08724F958FA00AFABA8 /* Preview Assets.xcassets in Resources */,
				B659C08424F958FA00AFABA8 /* Assets.xcassets in Resources */,
			);
			runOnlyForDeploymentPostprocessing = 0;
		};
		B659C08F24F958FA00AFABA8 /* Resources */ = {
			isa = PBXResourcesBuildPhase;
			buildActionMask = 2147483647;
			files = (
			);
			runOnlyForDeploymentPostprocessing = 0;
		};
		B659C09A24F958FA00AFABA8 /* Resources */ = {
			isa = PBXResourcesBuildPhase;
			buildActionMask = 2147483647;
			files = (
			);
			runOnlyForDeploymentPostprocessing = 0;
		};
		B6FBCF2224F3F23400D9D9CE /* Resources */ = {
			isa = PBXResourcesBuildPhase;
			buildActionMask = 2147483647;
			files = (
				B6FBCF3424F3F23600D9D9CE /* LaunchScreen.storyboard in Resources */,
				B6FBCF3124F3F23600D9D9CE /* Preview Assets.xcassets in Resources */,
				B6FBCF2E24F3F23600D9D9CE /* Assets.xcassets in Resources */,
				B66D01032520C1790039516C /* WhatsNew.md in Resources */,
			);
			runOnlyForDeploymentPostprocessing = 0;
		};
		B6FBCF3824F3F23600D9D9CE /* Resources */ = {
			isa = PBXResourcesBuildPhase;
			buildActionMask = 2147483647;
			files = (
			);
			runOnlyForDeploymentPostprocessing = 0;
		};
		B6FBCF4324F3F23600D9D9CE /* Resources */ = {
			isa = PBXResourcesBuildPhase;
			buildActionMask = 2147483647;
			files = (
			);
			runOnlyForDeploymentPostprocessing = 0;
		};
/* End PBXResourcesBuildPhase section */

/* Begin PBXShellScriptBuildPhase section */
		B6604A9B2516487900CE9A95 /* Build Increment Script */ = {
			isa = PBXShellScriptBuildPhase;
			buildActionMask = 2147483647;
			files = (
			);
			inputFileListPaths = (
			);
			inputPaths = (
			);
			name = "Build Increment Script";
			outputFileListPaths = (
			);
			outputPaths = (
			);
			runOnlyForDeploymentPostprocessing = 0;
			shellPath = /bin/zsh;
			shellScript = "# Type a script or drag a script file from your workspace to insert its path.\n# Method from https://stackoverflow.com/questions/6851660/version-vs-build-in-xcode\nbuildNumber=$(/usr/libexec/PlistBuddy -c \"Print CFBundleVersion\" \"$INFOPLIST_FILE\")\nbuildNumber=$(($buildNumber + 1))\n/usr/libexec/PlistBuddy -c \"Set :CFBundleVersion $buildNumber\" \"$INFOPLIST_FILE\"\n";
		};
/* End PBXShellScriptBuildPhase section */

/* Begin PBXSourcesBuildPhase section */
		B659C07924F958F700AFABA8 /* Sources */ = {
			isa = PBXSourcesBuildPhase;
			buildActionMask = 2147483647;
			files = (
				B659C0B124F9596600AFABA8 /* ResistorCalculator.swift in Sources */,
				B659C0B224F9596600AFABA8 /* AddResistor.swift in Sources */,
				B659C08224F958F700AFABA8 /* ContentView.swift in Sources */,
				B659C0AE24F9596600AFABA8 /* SIPrefix.swift in Sources */,
				B659C0AC24F9596600AFABA8 /* ResistorCalcs.swift in Sources */,
				B659C0B024F9596600AFABA8 /* CalculationList.swift in Sources */,
				B659C0AF24F9596600AFABA8 /* ResistorRow.swift in Sources */,
				B659C0AD24F9596600AFABA8 /* SIPrefixCalc.swift in Sources */,
				B659C08024F958F700AFABA8 /* AppDelegate.swift in Sources */,
			);
			runOnlyForDeploymentPostprocessing = 0;
		};
		B659C08D24F958FA00AFABA8 /* Sources */ = {
			isa = PBXSourcesBuildPhase;
			buildActionMask = 2147483647;
			files = (
				B659C09624F958FA00AFABA8 /* Electronics_Toolbox_for_MacTests.swift in Sources */,
			);
			runOnlyForDeploymentPostprocessing = 0;
		};
		B659C09824F958FA00AFABA8 /* Sources */ = {
			isa = PBXSourcesBuildPhase;
			buildActionMask = 2147483647;
			files = (
				B659C0A124F958FA00AFABA8 /* Electronics_Toolbox_for_MacUITests.swift in Sources */,
			);
			runOnlyForDeploymentPostprocessing = 0;
		};
		B6FBCF2024F3F23400D9D9CE /* Sources */ = {
			isa = PBXSourcesBuildPhase;
			buildActionMask = 2147483647;
			files = (
				B66D010B2520DC780039516C /* UnitCalcs.swift in Sources */,
				B6E4FF242522397700295CC0 /* PowerCalcs.swift in Sources */,
				B63913A3252E136D00142764 /* ResistorParallelSeries.swift in Sources */,
				B6D7F0F025064894007264C5 /* ThermalCalcs.swift in Sources */,
				B642CD112513AB960011769A /* DecibeltoNumericGain.swift in Sources */,
				B6A7A7ED24F5325100DAAAB1 /* AddResistor.swift in Sources */,
				B6FBCF2824F3F23400D9D9CE /* AppDelegate.swift in Sources */,
				B6FBCF5E24F3F29600D9D9CE /* SIPrefix.swift in Sources */,
				B6922E0C25120D6B00B096FA /* AboutView.swift in Sources */,
				B659C0B624FD11B400AFABA8 /* CapacitorRow.swift in Sources */,
				B6FC7A912527868B0014630B /* Settings.swift in Sources */,
				B659C0BE24FD394900AFABA8 /* ResistorBandToValue.swift in Sources */,
				B6D7F0EE24FFD4A1007264C5 /* WelcomeView.swift in Sources */,
				B659C0B424F95C7000AFABA8 /* CapacitorCalcs.swift in Sources */,
				B66D01142520DE850039516C /* OhmsLaw.swift in Sources */,
				B642CD352514BA250011769A /* NumerictoDecibelGain.swift in Sources */,
				B6FBCF6324F3F32800D9D9CE /* SIPrefixCalc.swift in Sources */,
				B642CD3D2514CF630011769A /* LEDResistorCalculator.swift in Sources */,
				B659C0B824FD128500AFABA8 /* CapacitorCalculator.swift in Sources */,
				B6FBCF6624F3F49C00D9D9CE /* ResistorRow.swift in Sources */,
				B659C0BA24FD132E00AFABA8 /* AddCapacitor.swift in Sources */,
				B6391387252DC04600142764 /* LCResonanceCalc.swift in Sources */,
				B6D7F0F225064C8F007264C5 /* ThermalResistanceCalculator.swift in Sources */,
				B66D00EC2520BDF60039516C /* WhatsNewView.swift in Sources */,
				B642CD272513AF4F0011769A /* GainCalcs.swift in Sources */,
				B6FBCF2A24F3F23400D9D9CE /* SceneDelegate.swift in Sources */,
				B6FBCF2C24F3F23400D9D9CE /* ContentView.swift in Sources */,
				B66D00E42520BAE10039516C /* SIStructs.swift in Sources */,
				B6D58294252646020065FE83 /* SettingsView.swift in Sources */,
				B642CD1F2513AC950011769A /* DecibelGains.swift in Sources */,
				B639139B252DC72300142764 /* LCResonanceCalculator.swift in Sources */,
				B659C0BC24FD339000AFABA8 /* ResistorColourCode.swift in Sources */,
				B6FBCF6124F3F2C300D9D9CE /* ResistorCalcs.swift in Sources */,
				B63913B1252E13B600142764 /* ResistorList.swift in Sources */,
				B61AAF462516969600370C35 /* PotentialDivider.swift in Sources */,
				B6FBCF5B24F3F27700D9D9CE /* ResistorCalculator.swift in Sources */,
				B6FBCF5924F3F25A00D9D9CE /* CalculationList.swift in Sources */,
			);
			runOnlyForDeploymentPostprocessing = 0;
		};
		B6FBCF3624F3F23600D9D9CE /* Sources */ = {
			isa = PBXSourcesBuildPhase;
			buildActionMask = 2147483647;
			files = (
				B6FBCF3F24F3F23600D9D9CE /* Electronics_ToolboxTests.swift in Sources */,
			);
			runOnlyForDeploymentPostprocessing = 0;
		};
		B6FBCF4124F3F23600D9D9CE /* Sources */ = {
			isa = PBXSourcesBuildPhase;
			buildActionMask = 2147483647;
			files = (
				B6FBCF4A24F3F23600D9D9CE /* Electronics_ToolboxUITests.swift in Sources */,
			);
			runOnlyForDeploymentPostprocessing = 0;
		};
/* End PBXSourcesBuildPhase section */

/* Begin PBXTargetDependency section */
		B659C09324F958FA00AFABA8 /* PBXTargetDependency */ = {
			isa = PBXTargetDependency;
			target = B659C07C24F958F700AFABA8 /* Elecalc for Mac */;
			targetProxy = B659C09224F958FA00AFABA8 /* PBXContainerItemProxy */;
		};
		B659C09E24F958FA00AFABA8 /* PBXTargetDependency */ = {
			isa = PBXTargetDependency;
			target = B659C07C24F958F700AFABA8 /* Elecalc for Mac */;
			targetProxy = B659C09D24F958FA00AFABA8 /* PBXContainerItemProxy */;
		};
		B6FBCF3C24F3F23600D9D9CE /* PBXTargetDependency */ = {
			isa = PBXTargetDependency;
			target = B6FBCF2324F3F23400D9D9CE /* Elecalc */;
			targetProxy = B6FBCF3B24F3F23600D9D9CE /* PBXContainerItemProxy */;
		};
		B6FBCF4724F3F23600D9D9CE /* PBXTargetDependency */ = {
			isa = PBXTargetDependency;
			target = B6FBCF2324F3F23400D9D9CE /* Elecalc */;
			targetProxy = B6FBCF4624F3F23600D9D9CE /* PBXContainerItemProxy */;
		};
/* End PBXTargetDependency section */

/* Begin PBXVariantGroup section */
		B659C08824F958FA00AFABA8 /* Main.storyboard */ = {
			isa = PBXVariantGroup;
			children = (
				B659C08924F958FA00AFABA8 /* Base */,
			);
			name = Main.storyboard;
			sourceTree = "<group>";
		};
		B6FBCF3224F3F23600D9D9CE /* LaunchScreen.storyboard */ = {
			isa = PBXVariantGroup;
			children = (
				B6FBCF3324F3F23600D9D9CE /* Base */,
			);
			name = LaunchScreen.storyboard;
			sourceTree = "<group>";
		};
/* End PBXVariantGroup section */

/* Begin XCBuildConfiguration section */
		B659C0A424F958FA00AFABA8 /* Debug */ = {
			isa = XCBuildConfiguration;
			buildSettings = {
				ASSETCATALOG_COMPILER_APPICON_NAME = AppIcon;
				CODE_SIGN_ENTITLEMENTS = "Electronics Toolbox for Mac/Electronics_Toolbox_for_Mac.entitlements";
				CODE_SIGN_STYLE = Automatic;
				COMBINE_HIDPI_IMAGES = YES;
				DEVELOPMENT_ASSET_PATHS = "\"Electronics Toolbox for Mac/Preview Content\"";
				DEVELOPMENT_TEAM = ALN5QX67P8;
				ENABLE_HARDENED_RUNTIME = YES;
				ENABLE_PREVIEWS = YES;
				INFOPLIST_FILE = "Electronics Toolbox for Mac/Info.plist";
				LD_RUNPATH_SEARCH_PATHS = (
					"$(inherited)",
					"@executable_path/../Frameworks",
				);
				MACOSX_DEPLOYMENT_TARGET = 10.15;
				PRODUCT_BUNDLE_IDENTIFIER = "com.finnbeckitt-marshall.Electronics-Toolbox-for-Mac";
				PRODUCT_NAME = "$(TARGET_NAME)";
				SDKROOT = macosx;
				SWIFT_VERSION = 5.0;
			};
			name = Debug;
		};
		B659C0A524F958FA00AFABA8 /* Release */ = {
			isa = XCBuildConfiguration;
			buildSettings = {
				ASSETCATALOG_COMPILER_APPICON_NAME = AppIcon;
				CODE_SIGN_ENTITLEMENTS = "Electronics Toolbox for Mac/Electronics_Toolbox_for_Mac.entitlements";
				CODE_SIGN_STYLE = Automatic;
				COMBINE_HIDPI_IMAGES = YES;
				DEVELOPMENT_ASSET_PATHS = "\"Electronics Toolbox for Mac/Preview Content\"";
				DEVELOPMENT_TEAM = ALN5QX67P8;
				ENABLE_HARDENED_RUNTIME = YES;
				ENABLE_PREVIEWS = YES;
				INFOPLIST_FILE = "Electronics Toolbox for Mac/Info.plist";
				LD_RUNPATH_SEARCH_PATHS = (
					"$(inherited)",
					"@executable_path/../Frameworks",
				);
				MACOSX_DEPLOYMENT_TARGET = 10.15;
				PRODUCT_BUNDLE_IDENTIFIER = "com.finnbeckitt-marshall.Electronics-Toolbox-for-Mac";
				PRODUCT_NAME = "$(TARGET_NAME)";
				SDKROOT = macosx;
				SWIFT_VERSION = 5.0;
			};
			name = Release;
		};
		B659C0A724F958FA00AFABA8 /* Debug */ = {
			isa = XCBuildConfiguration;
			buildSettings = {
				ALWAYS_EMBED_SWIFT_STANDARD_LIBRARIES = YES;
				BUNDLE_LOADER = "$(TEST_HOST)";
				CODE_SIGN_STYLE = Automatic;
				COMBINE_HIDPI_IMAGES = YES;
				DEVELOPMENT_TEAM = ALN5QX67P8;
				INFOPLIST_FILE = "Electronics Toolbox for MacTests/Info.plist";
				LD_RUNPATH_SEARCH_PATHS = (
					"$(inherited)",
					"@executable_path/../Frameworks",
					"@loader_path/../Frameworks",
				);
				MACOSX_DEPLOYMENT_TARGET = 10.15;
				PRODUCT_BUNDLE_IDENTIFIER = "com.finnbeckitt-marshall.Electronics-Toolbox-for-MacTests";
				PRODUCT_NAME = "$(TARGET_NAME)";
				SDKROOT = macosx;
				SWIFT_VERSION = 5.0;
				TEST_HOST = "$(BUILT_PRODUCTS_DIR)/Elecalc for Mac.app/Contents/MacOS/Elecalc for Mac";
			};
			name = Debug;
		};
		B659C0A824F958FA00AFABA8 /* Release */ = {
			isa = XCBuildConfiguration;
			buildSettings = {
				ALWAYS_EMBED_SWIFT_STANDARD_LIBRARIES = YES;
				BUNDLE_LOADER = "$(TEST_HOST)";
				CODE_SIGN_STYLE = Automatic;
				COMBINE_HIDPI_IMAGES = YES;
				DEVELOPMENT_TEAM = ALN5QX67P8;
				INFOPLIST_FILE = "Electronics Toolbox for MacTests/Info.plist";
				LD_RUNPATH_SEARCH_PATHS = (
					"$(inherited)",
					"@executable_path/../Frameworks",
					"@loader_path/../Frameworks",
				);
				MACOSX_DEPLOYMENT_TARGET = 10.15;
				PRODUCT_BUNDLE_IDENTIFIER = "com.finnbeckitt-marshall.Electronics-Toolbox-for-MacTests";
				PRODUCT_NAME = "$(TARGET_NAME)";
				SDKROOT = macosx;
				SWIFT_VERSION = 5.0;
				TEST_HOST = "$(BUILT_PRODUCTS_DIR)/Elecalc for Mac.app/Contents/MacOS/Elecalc for Mac";
			};
			name = Release;
		};
		B659C0AA24F958FA00AFABA8 /* Debug */ = {
			isa = XCBuildConfiguration;
			buildSettings = {
				ALWAYS_EMBED_SWIFT_STANDARD_LIBRARIES = YES;
				CODE_SIGN_STYLE = Automatic;
				COMBINE_HIDPI_IMAGES = YES;
				DEVELOPMENT_TEAM = ALN5QX67P8;
				INFOPLIST_FILE = "Electronics Toolbox for MacUITests/Info.plist";
				LD_RUNPATH_SEARCH_PATHS = (
					"$(inherited)",
					"@executable_path/../Frameworks",
					"@loader_path/../Frameworks",
				);
				MACOSX_DEPLOYMENT_TARGET = 10.15;
				PRODUCT_BUNDLE_IDENTIFIER = "com.finnbeckitt-marshall.Electronics-Toolbox-for-MacUITests";
				PRODUCT_NAME = "$(TARGET_NAME)";
				SDKROOT = macosx;
				SWIFT_VERSION = 5.0;
				TEST_TARGET_NAME = "Electronics Toolbox for Mac";
			};
			name = Debug;
		};
		B659C0AB24F958FA00AFABA8 /* Release */ = {
			isa = XCBuildConfiguration;
			buildSettings = {
				ALWAYS_EMBED_SWIFT_STANDARD_LIBRARIES = YES;
				CODE_SIGN_STYLE = Automatic;
				COMBINE_HIDPI_IMAGES = YES;
				DEVELOPMENT_TEAM = ALN5QX67P8;
				INFOPLIST_FILE = "Electronics Toolbox for MacUITests/Info.plist";
				LD_RUNPATH_SEARCH_PATHS = (
					"$(inherited)",
					"@executable_path/../Frameworks",
					"@loader_path/../Frameworks",
				);
				MACOSX_DEPLOYMENT_TARGET = 10.15;
				PRODUCT_BUNDLE_IDENTIFIER = "com.finnbeckitt-marshall.Electronics-Toolbox-for-MacUITests";
				PRODUCT_NAME = "$(TARGET_NAME)";
				SDKROOT = macosx;
				SWIFT_VERSION = 5.0;
				TEST_TARGET_NAME = "Electronics Toolbox for Mac";
			};
			name = Release;
		};
		B6FBCF4C24F3F23600D9D9CE /* Debug */ = {
			isa = XCBuildConfiguration;
			buildSettings = {
				ALWAYS_SEARCH_USER_PATHS = NO;
				CLANG_ANALYZER_NONNULL = YES;
				CLANG_ANALYZER_NUMBER_OBJECT_CONVERSION = YES_AGGRESSIVE;
				CLANG_CXX_LANGUAGE_STANDARD = "gnu++14";
				CLANG_CXX_LIBRARY = "libc++";
				CLANG_ENABLE_MODULES = YES;
				CLANG_ENABLE_OBJC_ARC = YES;
				CLANG_ENABLE_OBJC_WEAK = YES;
				CLANG_WARN_BLOCK_CAPTURE_AUTORELEASING = YES;
				CLANG_WARN_BOOL_CONVERSION = YES;
				CLANG_WARN_COMMA = YES;
				CLANG_WARN_CONSTANT_CONVERSION = YES;
				CLANG_WARN_DEPRECATED_OBJC_IMPLEMENTATIONS = YES;
				CLANG_WARN_DIRECT_OBJC_ISA_USAGE = YES_ERROR;
				CLANG_WARN_DOCUMENTATION_COMMENTS = YES;
				CLANG_WARN_EMPTY_BODY = YES;
				CLANG_WARN_ENUM_CONVERSION = YES;
				CLANG_WARN_INFINITE_RECURSION = YES;
				CLANG_WARN_INT_CONVERSION = YES;
				CLANG_WARN_NON_LITERAL_NULL_CONVERSION = YES;
				CLANG_WARN_OBJC_IMPLICIT_RETAIN_SELF = YES;
				CLANG_WARN_OBJC_LITERAL_CONVERSION = YES;
				CLANG_WARN_OBJC_ROOT_CLASS = YES_ERROR;
				CLANG_WARN_QUOTED_INCLUDE_IN_FRAMEWORK_HEADER = YES;
				CLANG_WARN_RANGE_LOOP_ANALYSIS = YES;
				CLANG_WARN_STRICT_PROTOTYPES = YES;
				CLANG_WARN_SUSPICIOUS_MOVE = YES;
				CLANG_WARN_UNGUARDED_AVAILABILITY = YES_AGGRESSIVE;
				CLANG_WARN_UNREACHABLE_CODE = YES;
				CLANG_WARN__DUPLICATE_METHOD_MATCH = YES;
				COPY_PHASE_STRIP = NO;
				DEBUG_INFORMATION_FORMAT = dwarf;
				ENABLE_STRICT_OBJC_MSGSEND = YES;
				ENABLE_TESTABILITY = YES;
				GCC_C_LANGUAGE_STANDARD = gnu11;
				GCC_DYNAMIC_NO_PIC = NO;
				GCC_NO_COMMON_BLOCKS = YES;
				GCC_OPTIMIZATION_LEVEL = 0;
				GCC_PREPROCESSOR_DEFINITIONS = (
					"DEBUG=1",
					"$(inherited)",
				);
				GCC_WARN_64_TO_32_BIT_CONVERSION = YES;
				GCC_WARN_ABOUT_RETURN_TYPE = YES_ERROR;
				GCC_WARN_UNDECLARED_SELECTOR = YES;
				GCC_WARN_UNINITIALIZED_AUTOS = YES_AGGRESSIVE;
				GCC_WARN_UNUSED_FUNCTION = YES;
				GCC_WARN_UNUSED_VARIABLE = YES;
				IPHONEOS_DEPLOYMENT_TARGET = 14.0;
				MTL_ENABLE_DEBUG_INFO = INCLUDE_SOURCE;
				MTL_FAST_MATH = YES;
				ONLY_ACTIVE_ARCH = YES;
				SDKROOT = iphoneos;
				SWIFT_ACTIVE_COMPILATION_CONDITIONS = DEBUG;
				SWIFT_OPTIMIZATION_LEVEL = "-Onone";
			};
			name = Debug;
		};
		B6FBCF4D24F3F23600D9D9CE /* Release */ = {
			isa = XCBuildConfiguration;
			buildSettings = {
				ALWAYS_SEARCH_USER_PATHS = NO;
				CLANG_ANALYZER_NONNULL = YES;
				CLANG_ANALYZER_NUMBER_OBJECT_CONVERSION = YES_AGGRESSIVE;
				CLANG_CXX_LANGUAGE_STANDARD = "gnu++14";
				CLANG_CXX_LIBRARY = "libc++";
				CLANG_ENABLE_MODULES = YES;
				CLANG_ENABLE_OBJC_ARC = YES;
				CLANG_ENABLE_OBJC_WEAK = YES;
				CLANG_WARN_BLOCK_CAPTURE_AUTORELEASING = YES;
				CLANG_WARN_BOOL_CONVERSION = YES;
				CLANG_WARN_COMMA = YES;
				CLANG_WARN_CONSTANT_CONVERSION = YES;
				CLANG_WARN_DEPRECATED_OBJC_IMPLEMENTATIONS = YES;
				CLANG_WARN_DIRECT_OBJC_ISA_USAGE = YES_ERROR;
				CLANG_WARN_DOCUMENTATION_COMMENTS = YES;
				CLANG_WARN_EMPTY_BODY = YES;
				CLANG_WARN_ENUM_CONVERSION = YES;
				CLANG_WARN_INFINITE_RECURSION = YES;
				CLANG_WARN_INT_CONVERSION = YES;
				CLANG_WARN_NON_LITERAL_NULL_CONVERSION = YES;
				CLANG_WARN_OBJC_IMPLICIT_RETAIN_SELF = YES;
				CLANG_WARN_OBJC_LITERAL_CONVERSION = YES;
				CLANG_WARN_OBJC_ROOT_CLASS = YES_ERROR;
				CLANG_WARN_QUOTED_INCLUDE_IN_FRAMEWORK_HEADER = YES;
				CLANG_WARN_RANGE_LOOP_ANALYSIS = YES;
				CLANG_WARN_STRICT_PROTOTYPES = YES;
				CLANG_WARN_SUSPICIOUS_MOVE = YES;
				CLANG_WARN_UNGUARDED_AVAILABILITY = YES_AGGRESSIVE;
				CLANG_WARN_UNREACHABLE_CODE = YES;
				CLANG_WARN__DUPLICATE_METHOD_MATCH = YES;
				COPY_PHASE_STRIP = NO;
				DEBUG_INFORMATION_FORMAT = "dwarf-with-dsym";
				ENABLE_NS_ASSERTIONS = NO;
				ENABLE_STRICT_OBJC_MSGSEND = YES;
				GCC_C_LANGUAGE_STANDARD = gnu11;
				GCC_NO_COMMON_BLOCKS = YES;
				GCC_WARN_64_TO_32_BIT_CONVERSION = YES;
				GCC_WARN_ABOUT_RETURN_TYPE = YES_ERROR;
				GCC_WARN_UNDECLARED_SELECTOR = YES;
				GCC_WARN_UNINITIALIZED_AUTOS = YES_AGGRESSIVE;
				GCC_WARN_UNUSED_FUNCTION = YES;
				GCC_WARN_UNUSED_VARIABLE = YES;
				IPHONEOS_DEPLOYMENT_TARGET = 14.0;
				MTL_ENABLE_DEBUG_INFO = NO;
				MTL_FAST_MATH = YES;
				SDKROOT = iphoneos;
				SWIFT_COMPILATION_MODE = wholemodule;
				SWIFT_OPTIMIZATION_LEVEL = "-O";
				VALIDATE_PRODUCT = YES;
			};
			name = Release;
		};
		B6FBCF4F24F3F23600D9D9CE /* Debug */ = {
			isa = XCBuildConfiguration;
			buildSettings = {
				ASSETCATALOG_COMPILER_APPICON_NAME = AppIcon;
				ASSETCATALOG_COMPILER_GLOBAL_ACCENT_COLOR_NAME = AccentColor;
				CODE_SIGN_STYLE = Automatic;
				DEVELOPMENT_ASSET_PATHS = "\"Electronics Toolbox/Preview Content\"";
				DEVELOPMENT_TEAM = ALN5QX67P8;
				ENABLE_PREVIEWS = YES;
				INFOPLIST_FILE = "Electronics Toolbox/Info.plist";
				IPHONEOS_DEPLOYMENT_TARGET = 13.5;
				LD_RUNPATH_SEARCH_PATHS = (
					"$(inherited)",
					"@executable_path/Frameworks",
				);
				MARKETING_VERSION = 0.5.0;
				PRODUCT_BUNDLE_IDENTIFIER = "com.finnbeckitt-marshall.Elecalc";
				PRODUCT_NAME = "$(TARGET_NAME)";
				SWIFT_VERSION = 5.0;
				TARGETED_DEVICE_FAMILY = "1,2";
			};
			name = Debug;
		};
		B6FBCF5024F3F23600D9D9CE /* Release */ = {
			isa = XCBuildConfiguration;
			buildSettings = {
				ASSETCATALOG_COMPILER_APPICON_NAME = AppIcon;
				ASSETCATALOG_COMPILER_GLOBAL_ACCENT_COLOR_NAME = AccentColor;
				CODE_SIGN_STYLE = Automatic;
				DEVELOPMENT_ASSET_PATHS = "\"Electronics Toolbox/Preview Content\"";
				DEVELOPMENT_TEAM = ALN5QX67P8;
				ENABLE_PREVIEWS = YES;
				INFOPLIST_FILE = "Electronics Toolbox/Info.plist";
				IPHONEOS_DEPLOYMENT_TARGET = 13.5;
				LD_RUNPATH_SEARCH_PATHS = (
					"$(inherited)",
					"@executable_path/Frameworks",
				);
				MARKETING_VERSION = 0.5.0;
				PRODUCT_BUNDLE_IDENTIFIER = "com.finnbeckitt-marshall.Elecalc";
				PRODUCT_NAME = "$(TARGET_NAME)";
				SWIFT_VERSION = 5.0;
				TARGETED_DEVICE_FAMILY = "1,2";
			};
			name = Release;
		};
		B6FBCF5224F3F23600D9D9CE /* Debug */ = {
			isa = XCBuildConfiguration;
			buildSettings = {
				ALWAYS_EMBED_SWIFT_STANDARD_LIBRARIES = YES;
				BUNDLE_LOADER = "$(TEST_HOST)";
				CODE_SIGN_STYLE = Automatic;
				DEVELOPMENT_TEAM = ALN5QX67P8;
				INFOPLIST_FILE = "Electronics ToolboxTests/Info.plist";
				IPHONEOS_DEPLOYMENT_TARGET = 13.6;
				LD_RUNPATH_SEARCH_PATHS = (
					"$(inherited)",
					"@executable_path/Frameworks",
					"@loader_path/Frameworks",
				);
				PRODUCT_BUNDLE_IDENTIFIER = "com.finnbeckitt-marshall.Electronics-ToolboxTests";
				PRODUCT_NAME = "$(TARGET_NAME)";
				SWIFT_VERSION = 5.0;
				TARGETED_DEVICE_FAMILY = "1,2";
				TEST_HOST = "$(BUILT_PRODUCTS_DIR)/Elecalc.app/Elecalc";
			};
			name = Debug;
		};
		B6FBCF5324F3F23600D9D9CE /* Release */ = {
			isa = XCBuildConfiguration;
			buildSettings = {
				ALWAYS_EMBED_SWIFT_STANDARD_LIBRARIES = YES;
				BUNDLE_LOADER = "$(TEST_HOST)";
				CODE_SIGN_STYLE = Automatic;
				DEVELOPMENT_TEAM = ALN5QX67P8;
				INFOPLIST_FILE = "Electronics ToolboxTests/Info.plist";
				IPHONEOS_DEPLOYMENT_TARGET = 13.6;
				LD_RUNPATH_SEARCH_PATHS = (
					"$(inherited)",
					"@executable_path/Frameworks",
					"@loader_path/Frameworks",
				);
				PRODUCT_BUNDLE_IDENTIFIER = "com.finnbeckitt-marshall.Electronics-ToolboxTests";
				PRODUCT_NAME = "$(TARGET_NAME)";
				SWIFT_VERSION = 5.0;
				TARGETED_DEVICE_FAMILY = "1,2";
				TEST_HOST = "$(BUILT_PRODUCTS_DIR)/Elecalc.app/Elecalc";
			};
			name = Release;
		};
		B6FBCF5524F3F23600D9D9CE /* Debug */ = {
			isa = XCBuildConfiguration;
			buildSettings = {
				ALWAYS_EMBED_SWIFT_STANDARD_LIBRARIES = YES;
				CODE_SIGN_STYLE = Automatic;
				DEVELOPMENT_TEAM = ALN5QX67P8;
				INFOPLIST_FILE = "Electronics ToolboxUITests/Info.plist";
				IPHONEOS_DEPLOYMENT_TARGET = 13.5;
				LD_RUNPATH_SEARCH_PATHS = (
					"$(inherited)",
					"@executable_path/Frameworks",
					"@loader_path/Frameworks",
				);
				PRODUCT_BUNDLE_IDENTIFIER = "com.finnbeckitt-marshall.Electronics-ToolboxUITests";
				PRODUCT_NAME = "$(TARGET_NAME)";
				SWIFT_VERSION = 5.0;
				TARGETED_DEVICE_FAMILY = "1,2";
				TEST_TARGET_NAME = "Electronics Toolbox";
			};
			name = Debug;
		};
		B6FBCF5624F3F23600D9D9CE /* Release */ = {
			isa = XCBuildConfiguration;
			buildSettings = {
				ALWAYS_EMBED_SWIFT_STANDARD_LIBRARIES = YES;
				CODE_SIGN_STYLE = Automatic;
				DEVELOPMENT_TEAM = ALN5QX67P8;
				INFOPLIST_FILE = "Electronics ToolboxUITests/Info.plist";
				IPHONEOS_DEPLOYMENT_TARGET = 13.5;
				LD_RUNPATH_SEARCH_PATHS = (
					"$(inherited)",
					"@executable_path/Frameworks",
					"@loader_path/Frameworks",
				);
				PRODUCT_BUNDLE_IDENTIFIER = "com.finnbeckitt-marshall.Electronics-ToolboxUITests";
				PRODUCT_NAME = "$(TARGET_NAME)";
				SWIFT_VERSION = 5.0;
				TARGETED_DEVICE_FAMILY = "1,2";
				TEST_TARGET_NAME = "Electronics Toolbox";
			};
			name = Release;
		};
/* End XCBuildConfiguration section */

/* Begin XCConfigurationList section */
		B659C0A324F958FA00AFABA8 /* Build configuration list for PBXNativeTarget "Elecalc for Mac" */ = {
			isa = XCConfigurationList;
			buildConfigurations = (
				B659C0A424F958FA00AFABA8 /* Debug */,
				B659C0A524F958FA00AFABA8 /* Release */,
			);
			defaultConfigurationIsVisible = 0;
			defaultConfigurationName = Release;
		};
		B659C0A624F958FA00AFABA8 /* Build configuration list for PBXNativeTarget "Elecalc for MacTests" */ = {
			isa = XCConfigurationList;
			buildConfigurations = (
				B659C0A724F958FA00AFABA8 /* Debug */,
				B659C0A824F958FA00AFABA8 /* Release */,
			);
			defaultConfigurationIsVisible = 0;
			defaultConfigurationName = Release;
		};
		B659C0A924F958FA00AFABA8 /* Build configuration list for PBXNativeTarget "Elecalc for MacUITests" */ = {
			isa = XCConfigurationList;
			buildConfigurations = (
				B659C0AA24F958FA00AFABA8 /* Debug */,
				B659C0AB24F958FA00AFABA8 /* Release */,
			);
			defaultConfigurationIsVisible = 0;
			defaultConfigurationName = Release;
		};
		B6FBCF1F24F3F23400D9D9CE /* Build configuration list for PBXProject "Elecalc" */ = {
			isa = XCConfigurationList;
			buildConfigurations = (
				B6FBCF4C24F3F23600D9D9CE /* Debug */,
				B6FBCF4D24F3F23600D9D9CE /* Release */,
			);
			defaultConfigurationIsVisible = 0;
			defaultConfigurationName = Release;
		};
		B6FBCF4E24F3F23600D9D9CE /* Build configuration list for PBXNativeTarget "Elecalc" */ = {
			isa = XCConfigurationList;
			buildConfigurations = (
				B6FBCF4F24F3F23600D9D9CE /* Debug */,
				B6FBCF5024F3F23600D9D9CE /* Release */,
			);
			defaultConfigurationIsVisible = 0;
			defaultConfigurationName = Release;
		};
		B6FBCF5124F3F23600D9D9CE /* Build configuration list for PBXNativeTarget "ElecalcTests" */ = {
			isa = XCConfigurationList;
			buildConfigurations = (
				B6FBCF5224F3F23600D9D9CE /* Debug */,
				B6FBCF5324F3F23600D9D9CE /* Release */,
			);
			defaultConfigurationIsVisible = 0;
			defaultConfigurationName = Release;
		};
		B6FBCF5424F3F23600D9D9CE /* Build configuration list for PBXNativeTarget "ElecalcUITests" */ = {
			isa = XCConfigurationList;
			buildConfigurations = (
				B6FBCF5524F3F23600D9D9CE /* Debug */,
				B6FBCF5624F3F23600D9D9CE /* Release */,
			);
			defaultConfigurationIsVisible = 0;
			defaultConfigurationName = Release;
		};
/* End XCConfigurationList section */

/* Begin XCRemoteSwiftPackageReference section */
		B66D00F32520BF810039516C /* XCRemoteSwiftPackageReference "MDText" */ = {
			isa = XCRemoteSwiftPackageReference;
			repositoryURL = "https://github.com/Lambdo-Labs/MDText";
			requirement = {
				kind = upToNextMajorVersion;
				minimumVersion = 0.0.10;
			};
		};
/* End XCRemoteSwiftPackageReference section */

/* Begin XCSwiftPackageProductDependency section */
		B66D00F42520BF810039516C /* MDText */ = {
			isa = XCSwiftPackageProductDependency;
			package = B66D00F32520BF810039516C /* XCRemoteSwiftPackageReference "MDText" */;
			productName = MDText;
		};
/* End XCSwiftPackageProductDependency section */
	};
	rootObject = B6FBCF1C24F3F23400D9D9CE /* Project object */;
}
