// !$*UTF8*$!
{
	archiveVersion = 1;
	classes = {
	};
	objectVersion = 50;
	objects = {

/* Begin PBXBuildFile section */
		B6FBCF2824F3F23400D9D9CE /* AppDelegate.swift in Sources */ = {isa = PBXBuildFile; fileRef = B6FBCF2724F3F23400D9D9CE /* AppDelegate.swift */; };
		B6FBCF2A24F3F23400D9D9CE /* SceneDelegate.swift in Sources */ = {isa = PBXBuildFile; fileRef = B6FBCF2924F3F23400D9D9CE /* SceneDelegate.swift */; };
		B6FBCF2C24F3F23400D9D9CE /* ContentView.swift in Sources */ = {isa = PBXBuildFile; fileRef = B6FBCF2B24F3F23400D9D9CE /* ContentView.swift */; };
		B6FBCF2E24F3F23600D9D9CE /* Assets.xcassets in Resources */ = {isa = PBXBuildFile; fileRef = B6FBCF2D24F3F23600D9D9CE /* Assets.xcassets */; };
		B6FBCF3124F3F23600D9D9CE /* Preview Assets.xcassets in Resources */ = {isa = PBXBuildFile; fileRef = B6FBCF3024F3F23600D9D9CE /* Preview Assets.xcassets */; };
		B6FBCF3424F3F23600D9D9CE /* LaunchScreen.storyboard in Resources */ = {isa = PBXBuildFile; fileRef = B6FBCF3224F3F23600D9D9CE /* LaunchScreen.storyboard */; };
		B6FBCF3F24F3F23600D9D9CE /* Electronics_ToolboxTests.swift in Sources */ = {isa = PBXBuildFile; fileRef = B6FBCF3E24F3F23600D9D9CE /* Electronics_ToolboxTests.swift */; };
		B6FBCF4A24F3F23600D9D9CE /* Electronics_ToolboxUITests.swift in Sources */ = {isa = PBXBuildFile; fileRef = B6FBCF4924F3F23600D9D9CE /* Electronics_ToolboxUITests.swift */; };
		B6FBCF5924F3F25A00D9D9CE /* CalculationList.swift in Sources */ = {isa = PBXBuildFile; fileRef = B6FBCF5824F3F25A00D9D9CE /* CalculationList.swift */; };
		B6FBCF5B24F3F27700D9D9CE /* ParallelResistorCalculator.swift in Sources */ = {isa = PBXBuildFile; fileRef = B6FBCF5A24F3F27700D9D9CE /* ParallelResistorCalculator.swift */; };
		B6FBCF5E24F3F29600D9D9CE /* SIPrefix.swift in Sources */ = {isa = PBXBuildFile; fileRef = B6FBCF5D24F3F29600D9D9CE /* SIPrefix.swift */; };
		B6FBCF6124F3F2C300D9D9CE /* ResistorCalcs.swift in Sources */ = {isa = PBXBuildFile; fileRef = B6FBCF6024F3F2C300D9D9CE /* ResistorCalcs.swift */; };
		B6FBCF6324F3F32800D9D9CE /* SIPrefixCalc.swift in Sources */ = {isa = PBXBuildFile; fileRef = B6FBCF6224F3F32800D9D9CE /* SIPrefixCalc.swift */; };
		B6FBCF6624F3F49C00D9D9CE /* ResistorRow.swift in Sources */ = {isa = PBXBuildFile; fileRef = B6FBCF6524F3F49C00D9D9CE /* ResistorRow.swift */; };
/* End PBXBuildFile section */

/* Begin PBXContainerItemProxy section */
		B6FBCF3B24F3F23600D9D9CE /* PBXContainerItemProxy */ = {
			isa = PBXContainerItemProxy;
			containerPortal = B6FBCF1C24F3F23400D9D9CE /* Project object */;
			proxyType = 1;
			remoteGlobalIDString = B6FBCF2324F3F23400D9D9CE;
			remoteInfo = "Electronics Toolbox";
		};
		B6FBCF4624F3F23600D9D9CE /* PBXContainerItemProxy */ = {
			isa = PBXContainerItemProxy;
			containerPortal = B6FBCF1C24F3F23400D9D9CE /* Project object */;
			proxyType = 1;
			remoteGlobalIDString = B6FBCF2324F3F23400D9D9CE;
			remoteInfo = "Electronics Toolbox";
		};
/* End PBXContainerItemProxy section */

/* Begin PBXFileReference section */
		B6FBCF2424F3F23400D9D9CE /* Electronics Toolbox.app */ = {isa = PBXFileReference; explicitFileType = wrapper.application; includeInIndex = 0; path = "Electronics Toolbox.app"; sourceTree = BUILT_PRODUCTS_DIR; };
		B6FBCF2724F3F23400D9D9CE /* AppDelegate.swift */ = {isa = PBXFileReference; lastKnownFileType = sourcecode.swift; path = AppDelegate.swift; sourceTree = "<group>"; };
		B6FBCF2924F3F23400D9D9CE /* SceneDelegate.swift */ = {isa = PBXFileReference; lastKnownFileType = sourcecode.swift; path = SceneDelegate.swift; sourceTree = "<group>"; };
		B6FBCF2B24F3F23400D9D9CE /* ContentView.swift */ = {isa = PBXFileReference; lastKnownFileType = sourcecode.swift; path = ContentView.swift; sourceTree = "<group>"; };
		B6FBCF2D24F3F23600D9D9CE /* Assets.xcassets */ = {isa = PBXFileReference; lastKnownFileType = folder.assetcatalog; path = Assets.xcassets; sourceTree = "<group>"; };
		B6FBCF3024F3F23600D9D9CE /* Preview Assets.xcassets */ = {isa = PBXFileReference; lastKnownFileType = folder.assetcatalog; path = "Preview Assets.xcassets"; sourceTree = "<group>"; };
		B6FBCF3324F3F23600D9D9CE /* Base */ = {isa = PBXFileReference; lastKnownFileType = file.storyboard; name = Base; path = Base.lproj/LaunchScreen.storyboard; sourceTree = "<group>"; };
		B6FBCF3524F3F23600D9D9CE /* Info.plist */ = {isa = PBXFileReference; lastKnownFileType = text.plist.xml; path = Info.plist; sourceTree = "<group>"; };
		B6FBCF3A24F3F23600D9D9CE /* Electronics ToolboxTests.xctest */ = {isa = PBXFileReference; explicitFileType = wrapper.cfbundle; includeInIndex = 0; path = "Electronics ToolboxTests.xctest"; sourceTree = BUILT_PRODUCTS_DIR; };
		B6FBCF3E24F3F23600D9D9CE /* Electronics_ToolboxTests.swift */ = {isa = PBXFileReference; lastKnownFileType = sourcecode.swift; path = Electronics_ToolboxTests.swift; sourceTree = "<group>"; };
		B6FBCF4024F3F23600D9D9CE /* Info.plist */ = {isa = PBXFileReference; lastKnownFileType = text.plist.xml; path = Info.plist; sourceTree = "<group>"; };
		B6FBCF4524F3F23600D9D9CE /* Electronics ToolboxUITests.xctest */ = {isa = PBXFileReference; explicitFileType = wrapper.cfbundle; includeInIndex = 0; path = "Electronics ToolboxUITests.xctest"; sourceTree = BUILT_PRODUCTS_DIR; };
		B6FBCF4924F3F23600D9D9CE /* Electronics_ToolboxUITests.swift */ = {isa = PBXFileReference; lastKnownFileType = sourcecode.swift; path = Electronics_ToolboxUITests.swift; sourceTree = "<group>"; };
		B6FBCF4B24F3F23600D9D9CE /* Info.plist */ = {isa = PBXFileReference; lastKnownFileType = text.plist.xml; path = Info.plist; sourceTree = "<group>"; };
		B6FBCF5824F3F25A00D9D9CE /* CalculationList.swift */ = {isa = PBXFileReference; lastKnownFileType = sourcecode.swift; path = CalculationList.swift; sourceTree = "<group>"; };
		B6FBCF5A24F3F27700D9D9CE /* ParallelResistorCalculator.swift */ = {isa = PBXFileReference; lastKnownFileType = sourcecode.swift; path = ParallelResistorCalculator.swift; sourceTree = "<group>"; };
		B6FBCF5D24F3F29600D9D9CE /* SIPrefix.swift */ = {isa = PBXFileReference; lastKnownFileType = sourcecode.swift; path = SIPrefix.swift; sourceTree = "<group>"; };
		B6FBCF6024F3F2C300D9D9CE /* ResistorCalcs.swift */ = {isa = PBXFileReference; lastKnownFileType = sourcecode.swift; path = ResistorCalcs.swift; sourceTree = "<group>"; };
		B6FBCF6224F3F32800D9D9CE /* SIPrefixCalc.swift */ = {isa = PBXFileReference; lastKnownFileType = sourcecode.swift; path = SIPrefixCalc.swift; sourceTree = "<group>"; };
		B6FBCF6524F3F49C00D9D9CE /* ResistorRow.swift */ = {isa = PBXFileReference; lastKnownFileType = sourcecode.swift; path = ResistorRow.swift; sourceTree = "<group>"; };
/* End PBXFileReference section */

/* Begin PBXFrameworksBuildPhase section */
		B6FBCF2124F3F23400D9D9CE /* Frameworks */ = {
			isa = PBXFrameworksBuildPhase;
			buildActionMask = 2147483647;
			files = (
			);
			runOnlyForDeploymentPostprocessing = 0;
		};
		B6FBCF3724F3F23600D9D9CE /* Frameworks */ = {
			isa = PBXFrameworksBuildPhase;
			buildActionMask = 2147483647;
			files = (
			);
			runOnlyForDeploymentPostprocessing = 0;
		};
		B6FBCF4224F3F23600D9D9CE /* Frameworks */ = {
			isa = PBXFrameworksBuildPhase;
			buildActionMask = 2147483647;
			files = (
			);
			runOnlyForDeploymentPostprocessing = 0;
		};
/* End PBXFrameworksBuildPhase section */

/* Begin PBXGroup section */
		B6FBCF1B24F3F23400D9D9CE = {
			isa = PBXGroup;
			children = (
				B6FBCF2624F3F23400D9D9CE /* Electronics Toolbox */,
				B6FBCF3D24F3F23600D9D9CE /* Electronics ToolboxTests */,
				B6FBCF4824F3F23600D9D9CE /* Electronics ToolboxUITests */,
				B6FBCF2524F3F23400D9D9CE /* Products */,
			);
			sourceTree = "<group>";
		};
		B6FBCF2524F3F23400D9D9CE /* Products */ = {
			isa = PBXGroup;
			children = (
				B6FBCF2424F3F23400D9D9CE /* Electronics Toolbox.app */,
				B6FBCF3A24F3F23600D9D9CE /* Electronics ToolboxTests.xctest */,
				B6FBCF4524F3F23600D9D9CE /* Electronics ToolboxUITests.xctest */,
			);
			name = Products;
			sourceTree = "<group>";
		};
		B6FBCF2624F3F23400D9D9CE /* Electronics Toolbox */ = {
			isa = PBXGroup;
			children = (
				B6FBCF5F24F3F2AA00D9D9CE /* Classes */,
				B6FBCF5C24F3F28500D9D9CE /* Enums */,
				B6FBCF5724F3F24D00D9D9CE /* Views */,
				B6FBCF2724F3F23400D9D9CE /* AppDelegate.swift */,
				B6FBCF2924F3F23400D9D9CE /* SceneDelegate.swift */,
				B6FBCF2B24F3F23400D9D9CE /* ContentView.swift */,
				B6FBCF2D24F3F23600D9D9CE /* Assets.xcassets */,
				B6FBCF3224F3F23600D9D9CE /* LaunchScreen.storyboard */,
				B6FBCF3524F3F23600D9D9CE /* Info.plist */,
				B6FBCF2F24F3F23600D9D9CE /* Preview Content */,
			);
			path = "Electronics Toolbox";
			sourceTree = "<group>";
		};
		B6FBCF2F24F3F23600D9D9CE /* Preview Content */ = {
			isa = PBXGroup;
			children = (
				B6FBCF3024F3F23600D9D9CE /* Preview Assets.xcassets */,
			);
			path = "Preview Content";
			sourceTree = "<group>";
		};
		B6FBCF3D24F3F23600D9D9CE /* Electronics ToolboxTests */ = {
			isa = PBXGroup;
			children = (
				B6FBCF3E24F3F23600D9D9CE /* Electronics_ToolboxTests.swift */,
				B6FBCF4024F3F23600D9D9CE /* Info.plist */,
			);
			path = "Electronics ToolboxTests";
			sourceTree = "<group>";
		};
		B6FBCF4824F3F23600D9D9CE /* Electronics ToolboxUITests */ = {
			isa = PBXGroup;
			children = (
				B6FBCF4924F3F23600D9D9CE /* Electronics_ToolboxUITests.swift */,
				B6FBCF4B24F3F23600D9D9CE /* Info.plist */,
			);
			path = "Electronics ToolboxUITests";
			sourceTree = "<group>";
		};
		B6FBCF5724F3F24D00D9D9CE /* Views */ = {
			isa = PBXGroup;
			children = (
				B6FBCF6424F3F46D00D9D9CE /* Rows */,
				B6FBCF5824F3F25A00D9D9CE /* CalculationList.swift */,
				B6FBCF5A24F3F27700D9D9CE /* ParallelResistorCalculator.swift */,
			);
			path = Views;
			sourceTree = "<group>";
		};
		B6FBCF5C24F3F28500D9D9CE /* Enums */ = {
			isa = PBXGroup;
			children = (
				B6FBCF5D24F3F29600D9D9CE /* SIPrefix.swift */,
			);
			path = Enums;
			sourceTree = "<group>";
		};
		B6FBCF5F24F3F2AA00D9D9CE /* Classes */ = {
			isa = PBXGroup;
			children = (
				B6FBCF6024F3F2C300D9D9CE /* ResistorCalcs.swift */,
				B6FBCF6224F3F32800D9D9CE /* SIPrefixCalc.swift */,
			);
			path = Classes;
			sourceTree = "<group>";
		};
		B6FBCF6424F3F46D00D9D9CE /* Rows */ = {
			isa = PBXGroup;
			children = (
				B6FBCF6524F3F49C00D9D9CE /* ResistorRow.swift */,
			);
			path = Rows;
			sourceTree = "<group>";
		};
/* End PBXGroup section */

/* Begin PBXNativeTarget section */
		B6FBCF2324F3F23400D9D9CE /* Electronics Toolbox */ = {
			isa = PBXNativeTarget;
			buildConfigurationList = B6FBCF4E24F3F23600D9D9CE /* Build configuration list for PBXNativeTarget "Electronics Toolbox" */;
			buildPhases = (
				B6FBCF2024F3F23400D9D9CE /* Sources */,
				B6FBCF2124F3F23400D9D9CE /* Frameworks */,
				B6FBCF2224F3F23400D9D9CE /* Resources */,
			);
			buildRules = (
			);
			dependencies = (
			);
			name = "Electronics Toolbox";
			productName = "Electronics Toolbox";
			productReference = B6FBCF2424F3F23400D9D9CE /* Electronics Toolbox.app */;
			productType = "com.apple.product-type.application";
		};
		B6FBCF3924F3F23600D9D9CE /* Electronics ToolboxTests */ = {
			isa = PBXNativeTarget;
			buildConfigurationList = B6FBCF5124F3F23600D9D9CE /* Build configuration list for PBXNativeTarget "Electronics ToolboxTests" */;
			buildPhases = (
				B6FBCF3624F3F23600D9D9CE /* Sources */,
				B6FBCF3724F3F23600D9D9CE /* Frameworks */,
				B6FBCF3824F3F23600D9D9CE /* Resources */,
			);
			buildRules = (
			);
			dependencies = (
				B6FBCF3C24F3F23600D9D9CE /* PBXTargetDependency */,
			);
			name = "Electronics ToolboxTests";
			productName = "Electronics ToolboxTests";
			productReference = B6FBCF3A24F3F23600D9D9CE /* Electronics ToolboxTests.xctest */;
			productType = "com.apple.product-type.bundle.unit-test";
		};
		B6FBCF4424F3F23600D9D9CE /* Electronics ToolboxUITests */ = {
			isa = PBXNativeTarget;
			buildConfigurationList = B6FBCF5424F3F23600D9D9CE /* Build configuration list for PBXNativeTarget "Electronics ToolboxUITests" */;
			buildPhases = (
				B6FBCF4124F3F23600D9D9CE /* Sources */,
				B6FBCF4224F3F23600D9D9CE /* Frameworks */,
				B6FBCF4324F3F23600D9D9CE /* Resources */,
			);
			buildRules = (
			);
			dependencies = (
				B6FBCF4724F3F23600D9D9CE /* PBXTargetDependency */,
			);
			name = "Electronics ToolboxUITests";
			productName = "Electronics ToolboxUITests";
			productReference = B6FBCF4524F3F23600D9D9CE /* Electronics ToolboxUITests.xctest */;
			productType = "com.apple.product-type.bundle.ui-testing";
		};
/* End PBXNativeTarget section */

/* Begin PBXProject section */
		B6FBCF1C24F3F23400D9D9CE /* Project object */ = {
			isa = PBXProject;
			attributes = {
				LastSwiftUpdateCheck = 1200;
				LastUpgradeCheck = 1200;
				TargetAttributes = {
					B6FBCF2324F3F23400D9D9CE = {
						CreatedOnToolsVersion = 12.0;
					};
					B6FBCF3924F3F23600D9D9CE = {
						CreatedOnToolsVersion = 12.0;
						TestTargetID = B6FBCF2324F3F23400D9D9CE;
					};
					B6FBCF4424F3F23600D9D9CE = {
						CreatedOnToolsVersion = 12.0;
						TestTargetID = B6FBCF2324F3F23400D9D9CE;
					};
				};
			};
			buildConfigurationList = B6FBCF1F24F3F23400D9D9CE /* Build configuration list for PBXProject "Electronics Toolbox" */;
			compatibilityVersion = "Xcode 9.3";
			developmentRegion = en;
			hasScannedForEncodings = 0;
			knownRegions = (
				en,
				Base,
			);
			mainGroup = B6FBCF1B24F3F23400D9D9CE;
			productRefGroup = B6FBCF2524F3F23400D9D9CE /* Products */;
			projectDirPath = "";
			projectRoot = "";
			targets = (
				B6FBCF2324F3F23400D9D9CE /* Electronics Toolbox */,
				B6FBCF3924F3F23600D9D9CE /* Electronics ToolboxTests */,
				B6FBCF4424F3F23600D9D9CE /* Electronics ToolboxUITests */,
			);
		};
/* End PBXProject section */

/* Begin PBXResourcesBuildPhase section */
		B6FBCF2224F3F23400D9D9CE /* Resources */ = {
			isa = PBXResourcesBuildPhase;
			buildActionMask = 2147483647;
			files = (
				B6FBCF3424F3F23600D9D9CE /* LaunchScreen.storyboard in Resources */,
				B6FBCF3124F3F23600D9D9CE /* Preview Assets.xcassets in Resources */,
				B6FBCF2E24F3F23600D9D9CE /* Assets.xcassets in Resources */,
			);
			runOnlyForDeploymentPostprocessing = 0;
		};
		B6FBCF3824F3F23600D9D9CE /* Resources */ = {
			isa = PBXResourcesBuildPhase;
			buildActionMask = 2147483647;
			files = (
			);
			runOnlyForDeploymentPostprocessing = 0;
		};
		B6FBCF4324F3F23600D9D9CE /* Resources */ = {
			isa = PBXResourcesBuildPhase;
			buildActionMask = 2147483647;
			files = (
			);
			runOnlyForDeploymentPostprocessing = 0;
		};
/* End PBXResourcesBuildPhase section */

/* Begin PBXSourcesBuildPhase section */
		B6FBCF2024F3F23400D9D9CE /* Sources */ = {
			isa = PBXSourcesBuildPhase;
			buildActionMask = 2147483647;
			files = (
				B6FBCF2824F3F23400D9D9CE /* AppDelegate.swift in Sources */,
				B6FBCF5E24F3F29600D9D9CE /* SIPrefix.swift in Sources */,
				B6FBCF6324F3F32800D9D9CE /* SIPrefixCalc.swift in Sources */,
				B6FBCF6624F3F49C00D9D9CE /* ResistorRow.swift in Sources */,
				B6FBCF2A24F3F23400D9D9CE /* SceneDelegate.swift in Sources */,
				B6FBCF2C24F3F23400D9D9CE /* ContentView.swift in Sources */,
				B6FBCF6124F3F2C300D9D9CE /* ResistorCalcs.swift in Sources */,
				B6FBCF5B24F3F27700D9D9CE /* ParallelResistorCalculator.swift in Sources */,
				B6FBCF5924F3F25A00D9D9CE /* CalculationList.swift in Sources */,
			);
			runOnlyForDeploymentPostprocessing = 0;
		};
		B6FBCF3624F3F23600D9D9CE /* Sources */ = {
			isa = PBXSourcesBuildPhase;
			buildActionMask = 2147483647;
			files = (
				B6FBCF3F24F3F23600D9D9CE /* Electronics_ToolboxTests.swift in Sources */,
			);
			runOnlyForDeploymentPostprocessing = 0;
		};
		B6FBCF4124F3F23600D9D9CE /* Sources */ = {
			isa = PBXSourcesBuildPhase;
			buildActionMask = 2147483647;
			files = (
				B6FBCF4A24F3F23600D9D9CE /* Electronics_ToolboxUITests.swift in Sources */,
			);
			runOnlyForDeploymentPostprocessing = 0;
		};
/* End PBXSourcesBuildPhase section */

/* Begin PBXTargetDependency section */
		B6FBCF3C24F3F23600D9D9CE /* PBXTargetDependency */ = {
			isa = PBXTargetDependency;
			target = B6FBCF2324F3F23400D9D9CE /* Electronics Toolbox */;
			targetProxy = B6FBCF3B24F3F23600D9D9CE /* PBXContainerItemProxy */;
		};
		B6FBCF4724F3F23600D9D9CE /* PBXTargetDependency */ = {
			isa = PBXTargetDependency;
			target = B6FBCF2324F3F23400D9D9CE /* Electronics Toolbox */;
			targetProxy = B6FBCF4624F3F23600D9D9CE /* PBXContainerItemProxy */;
		};
/* End PBXTargetDependency section */

/* Begin PBXVariantGroup section */
		B6FBCF3224F3F23600D9D9CE /* LaunchScreen.storyboard */ = {
			isa = PBXVariantGroup;
			children = (
				B6FBCF3324F3F23600D9D9CE /* Base */,
			);
			name = LaunchScreen.storyboard;
			sourceTree = "<group>";
		};
/* End PBXVariantGroup section */

/* Begin XCBuildConfiguration section */
		B6FBCF4C24F3F23600D9D9CE /* Debug */ = {
			isa = XCBuildConfiguration;
			buildSettings = {
				ALWAYS_SEARCH_USER_PATHS = NO;
				CLANG_ANALYZER_NONNULL = YES;
				CLANG_ANALYZER_NUMBER_OBJECT_CONVERSION = YES_AGGRESSIVE;
				CLANG_CXX_LANGUAGE_STANDARD = "gnu++14";
				CLANG_CXX_LIBRARY = "libc++";
				CLANG_ENABLE_MODULES = YES;
				CLANG_ENABLE_OBJC_ARC = YES;
				CLANG_ENABLE_OBJC_WEAK = YES;
				CLANG_WARN_BLOCK_CAPTURE_AUTORELEASING = YES;
				CLANG_WARN_BOOL_CONVERSION = YES;
				CLANG_WARN_COMMA = YES;
				CLANG_WARN_CONSTANT_CONVERSION = YES;
				CLANG_WARN_DEPRECATED_OBJC_IMPLEMENTATIONS = YES;
				CLANG_WARN_DIRECT_OBJC_ISA_USAGE = YES_ERROR;
				CLANG_WARN_DOCUMENTATION_COMMENTS = YES;
				CLANG_WARN_EMPTY_BODY = YES;
				CLANG_WARN_ENUM_CONVERSION = YES;
				CLANG_WARN_INFINITE_RECURSION = YES;
				CLANG_WARN_INT_CONVERSION = YES;
				CLANG_WARN_NON_LITERAL_NULL_CONVERSION = YES;
				CLANG_WARN_OBJC_IMPLICIT_RETAIN_SELF = YES;
				CLANG_WARN_OBJC_LITERAL_CONVERSION = YES;
				CLANG_WARN_OBJC_ROOT_CLASS = YES_ERROR;
				CLANG_WARN_QUOTED_INCLUDE_IN_FRAMEWORK_HEADER = YES;
				CLANG_WARN_RANGE_LOOP_ANALYSIS = YES;
				CLANG_WARN_STRICT_PROTOTYPES = YES;
				CLANG_WARN_SUSPICIOUS_MOVE = YES;
				CLANG_WARN_UNGUARDED_AVAILABILITY = YES_AGGRESSIVE;
				CLANG_WARN_UNREACHABLE_CODE = YES;
				CLANG_WARN__DUPLICATE_METHOD_MATCH = YES;
				COPY_PHASE_STRIP = NO;
				DEBUG_INFORMATION_FORMAT = dwarf;
				ENABLE_STRICT_OBJC_MSGSEND = YES;
				ENABLE_TESTABILITY = YES;
				GCC_C_LANGUAGE_STANDARD = gnu11;
				GCC_DYNAMIC_NO_PIC = NO;
				GCC_NO_COMMON_BLOCKS = YES;
				GCC_OPTIMIZATION_LEVEL = 0;
				GCC_PREPROCESSOR_DEFINITIONS = (
					"DEBUG=1",
					"$(inherited)",
				);
				GCC_WARN_64_TO_32_BIT_CONVERSION = YES;
				GCC_WARN_ABOUT_RETURN_TYPE = YES_ERROR;
				GCC_WARN_UNDECLARED_SELECTOR = YES;
				GCC_WARN_UNINITIALIZED_AUTOS = YES_AGGRESSIVE;
				GCC_WARN_UNUSED_FUNCTION = YES;
				GCC_WARN_UNUSED_VARIABLE = YES;
				IPHONEOS_DEPLOYMENT_TARGET = 14.0;
				MTL_ENABLE_DEBUG_INFO = INCLUDE_SOURCE;
				MTL_FAST_MATH = YES;
				ONLY_ACTIVE_ARCH = YES;
				SDKROOT = iphoneos;
				SWIFT_ACTIVE_COMPILATION_CONDITIONS = DEBUG;
				SWIFT_OPTIMIZATION_LEVEL = "-Onone";
			};
			name = Debug;
		};
		B6FBCF4D24F3F23600D9D9CE /* Release */ = {
			isa = XCBuildConfiguration;
			buildSettings = {
				ALWAYS_SEARCH_USER_PATHS = NO;
				CLANG_ANALYZER_NONNULL = YES;
				CLANG_ANALYZER_NUMBER_OBJECT_CONVERSION = YES_AGGRESSIVE;
				CLANG_CXX_LANGUAGE_STANDARD = "gnu++14";
				CLANG_CXX_LIBRARY = "libc++";
				CLANG_ENABLE_MODULES = YES;
				CLANG_ENABLE_OBJC_ARC = YES;
				CLANG_ENABLE_OBJC_WEAK = YES;
				CLANG_WARN_BLOCK_CAPTURE_AUTORELEASING = YES;
				CLANG_WARN_BOOL_CONVERSION = YES;
				CLANG_WARN_COMMA = YES;
				CLANG_WARN_CONSTANT_CONVERSION = YES;
				CLANG_WARN_DEPRECATED_OBJC_IMPLEMENTATIONS = YES;
				CLANG_WARN_DIRECT_OBJC_ISA_USAGE = YES_ERROR;
				CLANG_WARN_DOCUMENTATION_COMMENTS = YES;
				CLANG_WARN_EMPTY_BODY = YES;
				CLANG_WARN_ENUM_CONVERSION = YES;
				CLANG_WARN_INFINITE_RECURSION = YES;
				CLANG_WARN_INT_CONVERSION = YES;
				CLANG_WARN_NON_LITERAL_NULL_CONVERSION = YES;
				CLANG_WARN_OBJC_IMPLICIT_RETAIN_SELF = YES;
				CLANG_WARN_OBJC_LITERAL_CONVERSION = YES;
				CLANG_WARN_OBJC_ROOT_CLASS = YES_ERROR;
				CLANG_WARN_QUOTED_INCLUDE_IN_FRAMEWORK_HEADER = YES;
				CLANG_WARN_RANGE_LOOP_ANALYSIS = YES;
				CLANG_WARN_STRICT_PROTOTYPES = YES;
				CLANG_WARN_SUSPICIOUS_MOVE = YES;
				CLANG_WARN_UNGUARDED_AVAILABILITY = YES_AGGRESSIVE;
				CLANG_WARN_UNREACHABLE_CODE = YES;
				CLANG_WARN__DUPLICATE_METHOD_MATCH = YES;
				COPY_PHASE_STRIP = NO;
				DEBUG_INFORMATION_FORMAT = "dwarf-with-dsym";
				ENABLE_NS_ASSERTIONS = NO;
				ENABLE_STRICT_OBJC_MSGSEND = YES;
				GCC_C_LANGUAGE_STANDARD = gnu11;
				GCC_NO_COMMON_BLOCKS = YES;
				GCC_WARN_64_TO_32_BIT_CONVERSION = YES;
				GCC_WARN_ABOUT_RETURN_TYPE = YES_ERROR;
				GCC_WARN_UNDECLARED_SELECTOR = YES;
				GCC_WARN_UNINITIALIZED_AUTOS = YES_AGGRESSIVE;
				GCC_WARN_UNUSED_FUNCTION = YES;
				GCC_WARN_UNUSED_VARIABLE = YES;
				IPHONEOS_DEPLOYMENT_TARGET = 14.0;
				MTL_ENABLE_DEBUG_INFO = NO;
				MTL_FAST_MATH = YES;
				SDKROOT = iphoneos;
				SWIFT_COMPILATION_MODE = wholemodule;
				SWIFT_OPTIMIZATION_LEVEL = "-O";
				VALIDATE_PRODUCT = YES;
			};
			name = Release;
		};
		B6FBCF4F24F3F23600D9D9CE /* Debug */ = {
			isa = XCBuildConfiguration;
			buildSettings = {
				ASSETCATALOG_COMPILER_APPICON_NAME = AppIcon;
				ASSETCATALOG_COMPILER_GLOBAL_ACCENT_COLOR_NAME = AccentColor;
				CODE_SIGN_STYLE = Automatic;
				DEVELOPMENT_ASSET_PATHS = "\"Electronics Toolbox/Preview Content\"";
				DEVELOPMENT_TEAM = ALN5QX67P8;
				ENABLE_PREVIEWS = YES;
				INFOPLIST_FILE = "Electronics Toolbox/Info.plist";
				IPHONEOS_DEPLOYMENT_TARGET = 13.0;
				LD_RUNPATH_SEARCH_PATHS = (
					"$(inherited)",
					"@executable_path/Frameworks",
				);
				PRODUCT_BUNDLE_IDENTIFIER = "com.finnbeckitt-marshall.Electronics-Toolbox";
				PRODUCT_NAME = "$(TARGET_NAME)";
				SWIFT_VERSION = 5.0;
				TARGETED_DEVICE_FAMILY = "1,2";
			};
			name = Debug;
		};
		B6FBCF5024F3F23600D9D9CE /* Release */ = {
			isa = XCBuildConfiguration;
			buildSettings = {
				ASSETCATALOG_COMPILER_APPICON_NAME = AppIcon;
				ASSETCATALOG_COMPILER_GLOBAL_ACCENT_COLOR_NAME = AccentColor;
				CODE_SIGN_STYLE = Automatic;
				DEVELOPMENT_ASSET_PATHS = "\"Electronics Toolbox/Preview Content\"";
				DEVELOPMENT_TEAM = ALN5QX67P8;
				ENABLE_PREVIEWS = YES;
				INFOPLIST_FILE = "Electronics Toolbox/Info.plist";
				IPHONEOS_DEPLOYMENT_TARGET = 13.0;
				LD_RUNPATH_SEARCH_PATHS = (
					"$(inherited)",
					"@executable_path/Frameworks",
				);
				PRODUCT_BUNDLE_IDENTIFIER = "com.finnbeckitt-marshall.Electronics-Toolbox";
				PRODUCT_NAME = "$(TARGET_NAME)";
				SWIFT_VERSION = 5.0;
				TARGETED_DEVICE_FAMILY = "1,2";
			};
			name = Release;
		};
		B6FBCF5224F3F23600D9D9CE /* Debug */ = {
			isa = XCBuildConfiguration;
			buildSettings = {
				ALWAYS_EMBED_SWIFT_STANDARD_LIBRARIES = YES;
				BUNDLE_LOADER = "$(TEST_HOST)";
				CODE_SIGN_STYLE = Automatic;
				DEVELOPMENT_TEAM = ALN5QX67P8;
				INFOPLIST_FILE = "Electronics ToolboxTests/Info.plist";
				IPHONEOS_DEPLOYMENT_TARGET = 13.6;
				LD_RUNPATH_SEARCH_PATHS = (
					"$(inherited)",
					"@executable_path/Frameworks",
					"@loader_path/Frameworks",
				);
				PRODUCT_BUNDLE_IDENTIFIER = "com.finnbeckitt-marshall.Electronics-ToolboxTests";
				PRODUCT_NAME = "$(TARGET_NAME)";
				SWIFT_VERSION = 5.0;
				TARGETED_DEVICE_FAMILY = "1,2";
				TEST_HOST = "$(BUILT_PRODUCTS_DIR)/Electronics Toolbox.app/Electronics Toolbox";
			};
			name = Debug;
		};
		B6FBCF5324F3F23600D9D9CE /* Release */ = {
			isa = XCBuildConfiguration;
			buildSettings = {
				ALWAYS_EMBED_SWIFT_STANDARD_LIBRARIES = YES;
				BUNDLE_LOADER = "$(TEST_HOST)";
				CODE_SIGN_STYLE = Automatic;
				DEVELOPMENT_TEAM = ALN5QX67P8;
				INFOPLIST_FILE = "Electronics ToolboxTests/Info.plist";
				IPHONEOS_DEPLOYMENT_TARGET = 13.6;
				LD_RUNPATH_SEARCH_PATHS = (
					"$(inherited)",
					"@executable_path/Frameworks",
					"@loader_path/Frameworks",
				);
				PRODUCT_BUNDLE_IDENTIFIER = "com.finnbeckitt-marshall.Electronics-ToolboxTests";
				PRODUCT_NAME = "$(TARGET_NAME)";
				SWIFT_VERSION = 5.0;
				TARGETED_DEVICE_FAMILY = "1,2";
				TEST_HOST = "$(BUILT_PRODUCTS_DIR)/Electronics Toolbox.app/Electronics Toolbox";
			};
			name = Release;
		};
		B6FBCF5524F3F23600D9D9CE /* Debug */ = {
			isa = XCBuildConfiguration;
			buildSettings = {
				ALWAYS_EMBED_SWIFT_STANDARD_LIBRARIES = YES;
				CODE_SIGN_STYLE = Automatic;
				DEVELOPMENT_TEAM = ALN5QX67P8;
				INFOPLIST_FILE = "Electronics ToolboxUITests/Info.plist";
				LD_RUNPATH_SEARCH_PATHS = (
					"$(inherited)",
					"@executable_path/Frameworks",
					"@loader_path/Frameworks",
				);
				PRODUCT_BUNDLE_IDENTIFIER = "com.finnbeckitt-marshall.Electronics-ToolboxUITests";
				PRODUCT_NAME = "$(TARGET_NAME)";
				SWIFT_VERSION = 5.0;
				TARGETED_DEVICE_FAMILY = "1,2";
				TEST_TARGET_NAME = "Electronics Toolbox";
			};
			name = Debug;
		};
		B6FBCF5624F3F23600D9D9CE /* Release */ = {
			isa = XCBuildConfiguration;
			buildSettings = {
				ALWAYS_EMBED_SWIFT_STANDARD_LIBRARIES = YES;
				CODE_SIGN_STYLE = Automatic;
				DEVELOPMENT_TEAM = ALN5QX67P8;
				INFOPLIST_FILE = "Electronics ToolboxUITests/Info.plist";
				LD_RUNPATH_SEARCH_PATHS = (
					"$(inherited)",
					"@executable_path/Frameworks",
					"@loader_path/Frameworks",
				);
				PRODUCT_BUNDLE_IDENTIFIER = "com.finnbeckitt-marshall.Electronics-ToolboxUITests";
				PRODUCT_NAME = "$(TARGET_NAME)";
				SWIFT_VERSION = 5.0;
				TARGETED_DEVICE_FAMILY = "1,2";
				TEST_TARGET_NAME = "Electronics Toolbox";
			};
			name = Release;
		};
/* End XCBuildConfiguration section */

/* Begin XCConfigurationList section */
		B6FBCF1F24F3F23400D9D9CE /* Build configuration list for PBXProject "Electronics Toolbox" */ = {
			isa = XCConfigurationList;
			buildConfigurations = (
				B6FBCF4C24F3F23600D9D9CE /* Debug */,
				B6FBCF4D24F3F23600D9D9CE /* Release */,
			);
			defaultConfigurationIsVisible = 0;
			defaultConfigurationName = Release;
		};
		B6FBCF4E24F3F23600D9D9CE /* Build configuration list for PBXNativeTarget "Electronics Toolbox" */ = {
			isa = XCConfigurationList;
			buildConfigurations = (
				B6FBCF4F24F3F23600D9D9CE /* Debug */,
				B6FBCF5024F3F23600D9D9CE /* Release */,
			);
			defaultConfigurationIsVisible = 0;
			defaultConfigurationName = Release;
		};
		B6FBCF5124F3F23600D9D9CE /* Build configuration list for PBXNativeTarget "Electronics ToolboxTests" */ = {
			isa = XCConfigurationList;
			buildConfigurations = (
				B6FBCF5224F3F23600D9D9CE /* Debug */,
				B6FBCF5324F3F23600D9D9CE /* Release */,
			);
			defaultConfigurationIsVisible = 0;
			defaultConfigurationName = Release;
		};
		B6FBCF5424F3F23600D9D9CE /* Build configuration list for PBXNativeTarget "Electronics ToolboxUITests" */ = {
			isa = XCConfigurationList;
			buildConfigurations = (
				B6FBCF5524F3F23600D9D9CE /* Debug */,
				B6FBCF5624F3F23600D9D9CE /* Release */,
			);
			defaultConfigurationIsVisible = 0;
			defaultConfigurationName = Release;
		};
/* End XCConfigurationList section */
	};
	rootObject = B6FBCF1C24F3F23400D9D9CE /* Project object */;
}
